
Microsoft Visual Studio Solution File, Format Version 12.00
# Visual Studio 2012
Project("{FAE04EC0-301F-11D3-BF4B-00C04F79EFBC}") = "09-11-05", "09-11-05\09-11-05.csproj", "{E6FF6CE1-EB1E-4045-A189-FC56B05E4498}"
EndProject
Global
	GlobalSection(SolutionConfigurationPlatforms) = preSolution
		Debug|Any CPU = Debug|Any CPU
		Release|Any CPU = Release|Any CPU
	EndGlobalSection
	GlobalSection(ProjectConfigurationPlatforms) = postSolution
		{E6FF6CE1-EB1E-4045-A189-FC56B05E4498}.Debug|Any CPU.ActiveCfg = Debug|Any CPU
		{E6FF6CE1-EB1E-4045-A189-FC56B05E4498}.Debug|Any CPU.Build.0 = Debug|Any CPU
		{E6FF6CE1-EB1E-4045-A189-FC56B05E4498}.Release|Any CPU.ActiveCfg = Release|Any CPU
		{E6FF6CE1-EB1E-4045-A189-FC56B05E4498}.Release|Any CPU.Build.0 = Release|Any CPU
	EndGlobalSection
	GlobalSection(SolutionProperties) = preSolution
		HideSolutionNode = FALSE
	EndGlobalSection
EndGlobal
