
Microsoft Visual Studio Solution File, Format Version 12.00
# Visual Studio 2012
Project("{FAE04EC0-301F-11D3-BF4B-00C04F79EFBC}") = "LambdasAndDelegates", "LambdasAndDelegates\LambdasAndDelegates.csproj", "{166305B6-CADC-48FD-879E-1BC05215F189}"
EndProject
Global
	GlobalSection(SolutionConfigurationPlatforms) = preSolution
		Debug|Any CPU = Debug|Any CPU
		Release|Any CPU = Release|Any CPU
	EndGlobalSection
	GlobalSection(ProjectConfigurationPlatforms) = postSolution
		{166305B6-CADC-48FD-879E-1BC05215F189}.Debug|Any CPU.ActiveCfg = Debug|Any CPU
		{166305B6-CADC-48FD-879E-1BC05215F189}.Debug|Any CPU.Build.0 = Debug|Any CPU
		{166305B6-CADC-48FD-879E-1BC05215F189}.Release|Any CPU.ActiveCfg = Release|Any CPU
		{166305B6-CADC-48FD-879E-1BC05215F189}.Release|Any CPU.Build.0 = Release|Any CPU
	EndGlobalSection
	GlobalSection(SolutionProperties) = preSolution
		HideSolutionNode = FALSE
	EndGlobalSection
EndGlobal
