
Microsoft Visual Studio Solution File, Format Version 12.00
# Visual Studio 2012
Project("{FAE04EC0-301F-11D3-BF4B-00C04F79EFBC}") = "Commerce.Engine", "Commerce.Engine\Commerce.Engine.csproj", "{8B5982CA-FD1D-4949-9BE7-F2383BD0527E}"
EndProject
Project("{FAE04EC0-301F-11D3-BF4B-00C04F79EFBC}") = "Commerce.TestClient", "Commerce.TestClient\Commerce.TestClient.csproj", "{326B4900-7677-410C-8676-760C86847566}"
EndProject
Global
	GlobalSection(SolutionConfigurationPlatforms) = preSolution
		Debug|Any CPU = Debug|Any CPU
		Release|Any CPU = Release|Any CPU
	EndGlobalSection
	GlobalSection(ProjectConfigurationPlatforms) = postSolution
		{8B5982CA-FD1D-4949-9BE7-F2383BD0527E}.Debug|Any CPU.ActiveCfg = Debug|Any CPU
		{8B5982CA-FD1D-4949-9BE7-F2383BD0527E}.Debug|Any CPU.Build.0 = Debug|Any CPU
		{8B5982CA-FD1D-4949-9BE7-F2383BD0527E}.Release|Any CPU.ActiveCfg = Release|Any CPU
		{8B5982CA-FD1D-4949-9BE7-F2383BD0527E}.Release|Any CPU.Build.0 = Release|Any CPU
		{326B4900-7677-410C-8676-760C86847566}.Debug|Any CPU.ActiveCfg = Debug|Any CPU
		{326B4900-7677-410C-8676-760C86847566}.Debug|Any CPU.Build.0 = Debug|Any CPU
		{326B4900-7677-410C-8676-760C86847566}.Release|Any CPU.ActiveCfg = Release|Any CPU
		{326B4900-7677-410C-8676-760C86847566}.Release|Any CPU.Build.0 = Release|Any CPU
	EndGlobalSection
	GlobalSection(SolutionProperties) = preSolution
		HideSolutionNode = FALSE
	EndGlobalSection
EndGlobal
