
Microsoft Visual Studio Solution File, Format Version 12.00
# Visual Studio 2012
Project("{FAE04EC0-301F-11D3-BF4B-00C04F79EFBC}") = "StoryBoardWithKeyFrames", "StoryBoardWithKeyFrames\StoryBoardWithKeyFrames.csproj", "{DF9E2E02-5397-401F-BC21-81FA35294398}"
EndProject
Global
	GlobalSection(SolutionConfigurationPlatforms) = preSolution
		Debug|Any CPU = Debug|Any CPU
		Release|Any CPU = Release|Any CPU
	EndGlobalSection
	GlobalSection(ProjectConfigurationPlatforms) = postSolution
		{DF9E2E02-5397-401F-BC21-81FA35294398}.Debug|Any CPU.ActiveCfg = Debug|Any CPU
		{DF9E2E02-5397-401F-BC21-81FA35294398}.Debug|Any CPU.Build.0 = Debug|Any CPU
		{DF9E2E02-5397-401F-BC21-81FA35294398}.Release|Any CPU.ActiveCfg = Release|Any CPU
		{DF9E2E02-5397-401F-BC21-81FA35294398}.Release|Any CPU.Build.0 = Release|Any CPU
	EndGlobalSection
	GlobalSection(SolutionProperties) = preSolution
		HideSolutionNode = FALSE
	EndGlobalSection
EndGlobal
