
Microsoft Visual Studio Solution File, Format Version 10.00
# Visual Studio 2008
Project("{FAE04EC0-301F-11D3-BF4B-00C04F79EFBC}") = "AdornerExample", "AdornerExample\AdornerExample.csproj", "{7CC9E156-007C-4849-9CC3-640CCF073161}"
EndProject
Global
	GlobalSection(SolutionConfigurationPlatforms) = preSolution
		Debug|Any CPU = Debug|Any CPU
		Release|Any CPU = Release|Any CPU
	EndGlobalSection
	GlobalSection(ProjectConfigurationPlatforms) = postSolution
		{7CC9E156-007C-4849-9CC3-640CCF073161}.Debug|Any CPU.ActiveCfg = Debug|Any CPU
		{7CC9E156-007C-4849-9CC3-640CCF073161}.Debug|Any CPU.Build.0 = Debug|Any CPU
		{7CC9E156-007C-4849-9CC3-640CCF073161}.Release|Any CPU.ActiveCfg = Release|Any CPU
		{7CC9E156-007C-4849-9CC3-640CCF073161}.Release|Any CPU.Build.0 = Release|Any CPU
	EndGlobalSection
EndGlobal
