
Microsoft Visual Studio Solution File, Format Version 12.00
# Visual Studio 11
Project("{8BC9CEB8-8B4A-11D0-8D11-00A0C91BC942}") = "pcp-2-1", "pcp-2-1\pcp-2-1.vcxproj", "{209E9312-192B-918E-008A-05BF7657F819}"
EndProject
Global
	GlobalSection(SolutionConfigurationPlatforms) = preSolution
		Debug|Win32 = Debug|Win32
		Release|Win32 = Release|Win32
	EndGlobalSection
	GlobalSection(ProjectConfigurationPlatforms) = postSolution
		{209E9312-192B-918E-008A-05BF7657F819}.Debug|Win32.ActiveCfg = Debug|Win32
		{209E9312-192B-918E-008A-05BF7657F819}.Debug|Win32.Build.0 = Debug|Win32
		{209E9312-192B-918E-008A-05BF7657F819}.Release|Win32.ActiveCfg = Release|Win32
		{209E9312-192B-918E-008A-05BF7657F819}.Release|Win32.Build.0 = Release|Win32
	EndGlobalSection
	GlobalSection(SolutionProperties) = preSolution
		HideSolutionNode = FALSE
	EndGlobalSection
EndGlobal
