
Microsoft Visual Studio Solution File, Format Version 12.00
# Visual Studio 2012
Project("{FAE04EC0-301F-11D3-BF4B-00C04F79EFBC}") = "06-02-07", "06-02-07\06-02-07.csproj", "{6A1A23CD-2F30-42B3-B1F1-72793E15B801}"
EndProject
Global
	GlobalSection(SolutionConfigurationPlatforms) = preSolution
		Debug|Any CPU = Debug|Any CPU
		Release|Any CPU = Release|Any CPU
	EndGlobalSection
	GlobalSection(ProjectConfigurationPlatforms) = postSolution
		{6A1A23CD-2F30-42B3-B1F1-72793E15B801}.Debug|Any CPU.ActiveCfg = Debug|Any CPU
		{6A1A23CD-2F30-42B3-B1F1-72793E15B801}.Debug|Any CPU.Build.0 = Debug|Any CPU
		{6A1A23CD-2F30-42B3-B1F1-72793E15B801}.Release|Any CPU.ActiveCfg = Release|Any CPU
		{6A1A23CD-2F30-42B3-B1F1-72793E15B801}.Release|Any CPU.Build.0 = Release|Any CPU
	EndGlobalSection
	GlobalSection(SolutionProperties) = preSolution
		HideSolutionNode = FALSE
	EndGlobalSection
EndGlobal
