
Microsoft Visual Studio Solution File, Format Version 12.00
# Visual Studio 14
VisualStudioVersion = 14.0.23107.0
MinimumVisualStudioVersion = 10.0.40219.1
Project("{FAE04EC0-301F-11D3-BF4B-00C04F79EFBC}") = "Randomizer", "Randomizer.csproj", "{5FC27DED-DD80-4A86-833F-92F2E7D1276C}"
EndProject
Global
	GlobalSection(SolutionConfigurationPlatforms) = preSolution
		Debug|Any CPU = Debug|Any CPU
		Release|Any CPU = Release|Any CPU
	EndGlobalSection
	GlobalSection(ProjectConfigurationPlatforms) = postSolution
		{5FC27DED-DD80-4A86-833F-92F2E7D1276C}.Debug|Any CPU.ActiveCfg = Debug|Any CPU
		{5FC27DED-DD80-4A86-833F-92F2E7D1276C}.Debug|Any CPU.Build.0 = Debug|Any CPU
		{5FC27DED-DD80-4A86-833F-92F2E7D1276C}.Release|Any CPU.ActiveCfg = Release|Any CPU
		{5FC27DED-DD80-4A86-833F-92F2E7D1276C}.Release|Any CPU.Build.0 = Release|Any CPU
	EndGlobalSection
	GlobalSection(SolutionProperties) = preSolution
		HideSolutionNode = FALSE
	EndGlobalSection
EndGlobal
