Microsoft Visual Studio Solution File, Format Version 10.00
# Visual Studio 2008
Project("{FAE04EC0-301F-11D3-BF4B-00C04F79EFBC}") = "WPFShapes", "WPFShapes\WPFShapes.csproj", "{F9AAE3EB-7534-4694-A5E7-49FF27DC8847}"
EndProject
Global
	GlobalSection(SolutionConfigurationPlatforms) = preSolution
		Debug|Any CPU = Debug|Any CPU
		Release|Any CPU = Release|Any CPU
	EndGlobalSection
	GlobalSection(ProjectConfigurationPlatforms) = postSolution
		{F9AAE3EB-7534-4694-A5E7-49FF27DC8847}.Debug|Any CPU.ActiveCfg = Debug|Any CPU
		{F9AAE3EB-7534-4694-A5E7-49FF27DC8847}.Debug|Any CPU.Build.0 = Debug|Any CPU
		{F9AAE3EB-7534-4694-A5E7-49FF27DC8847}.Release|Any CPU.ActiveCfg = Release|Any CPU
		{F9AAE3EB-7534-4694-A5E7-49FF27DC8847}.Release|Any CPU.Build.0 = Release|Any CPU
	EndGlobalSection
	GlobalSection(SolutionProperties) = preSolution
		HideSolutionNode = FALSE
	EndGlobalSection
EndGlobal