
Microsoft Visual Studio Solution File, Format Version 12.00
# Visual Studio Express 2012 for Windows Desktop
Project("{FAE04EC0-301F-11D3-BF4B-00C04F79EFBC}") = "DelegateDemo", "DelegateDemo\DelegateDemo.csproj", "{2070B0C6-6E00-4971-B919-D7389699E987}"
EndProject
Global
	GlobalSection(SolutionConfigurationPlatforms) = preSolution
		Debug|Any CPU = Debug|Any CPU
		Release|Any CPU = Release|Any CPU
	EndGlobalSection
	GlobalSection(ProjectConfigurationPlatforms) = postSolution
		{2070B0C6-6E00-4971-B919-D7389699E987}.Debug|Any CPU.ActiveCfg = Debug|Any CPU
		{2070B0C6-6E00-4971-B919-D7389699E987}.Debug|Any CPU.Build.0 = Debug|Any CPU
		{2070B0C6-6E00-4971-B919-D7389699E987}.Release|Any CPU.ActiveCfg = Release|Any CPU
		{2070B0C6-6E00-4971-B919-D7389699E987}.Release|Any CPU.Build.0 = Release|Any CPU
	EndGlobalSection
	GlobalSection(SolutionProperties) = preSolution
		HideSolutionNode = FALSE
	EndGlobalSection
EndGlobal
