
Microsoft Visual Studio Solution File, Format Version 12.00
# Visual Studio 2013
VisualStudioVersion = 12.0.30110.0
MinimumVisualStudioVersion = 10.0.40219.1
Project("{FAE04EC0-301F-11D3-BF4B-00C04F79EFBC}") = "MessageBox_ex1", "MessageBox_ex1\MessageBox_ex1.csproj", "{22FF0CFA-A1DD-4030-803A-A8DC2E04CF6F}"
EndProject
Global
	GlobalSection(SolutionConfigurationPlatforms) = preSolution
		Debug|Any CPU = Debug|Any CPU
		Release|Any CPU = Release|Any CPU
	EndGlobalSection
	GlobalSection(ProjectConfigurationPlatforms) = postSolution
		{22FF0CFA-A1DD-4030-803A-A8DC2E04CF6F}.Debug|Any CPU.ActiveCfg = Debug|Any CPU
		{22FF0CFA-A1DD-4030-803A-A8DC2E04CF6F}.Debug|Any CPU.Build.0 = Debug|Any CPU
		{22FF0CFA-A1DD-4030-803A-A8DC2E04CF6F}.Release|Any CPU.ActiveCfg = Release|Any CPU
		{22FF0CFA-A1DD-4030-803A-A8DC2E04CF6F}.Release|Any CPU.Build.0 = Release|Any CPU
	EndGlobalSection
	GlobalSection(SolutionProperties) = preSolution
		HideSolutionNode = FALSE
	EndGlobalSection
EndGlobal
