
Microsoft Visual Studio Solution File, Format Version 12.00
# Visual Studio 2012
Project("{FAE04EC0-301F-11D3-BF4B-00C04F79EFBC}") = "09-10-02", "09-10-02\09-10-02.csproj", "{0DD4F426-8B66-4D6C-BBDE-B0189DBE281A}"
EndProject
Global
	GlobalSection(SolutionConfigurationPlatforms) = preSolution
		Debug|Any CPU = Debug|Any CPU
		Release|Any CPU = Release|Any CPU
	EndGlobalSection
	GlobalSection(ProjectConfigurationPlatforms) = postSolution
		{0DD4F426-8B66-4D6C-BBDE-B0189DBE281A}.Debug|Any CPU.ActiveCfg = Debug|Any CPU
		{0DD4F426-8B66-4D6C-BBDE-B0189DBE281A}.Debug|Any CPU.Build.0 = Debug|Any CPU
		{0DD4F426-8B66-4D6C-BBDE-B0189DBE281A}.Release|Any CPU.ActiveCfg = Release|Any CPU
		{0DD4F426-8B66-4D6C-BBDE-B0189DBE281A}.Release|Any CPU.Build.0 = Release|Any CPU
	EndGlobalSection
	GlobalSection(SolutionProperties) = preSolution
		HideSolutionNode = FALSE
	EndGlobalSection
EndGlobal
