
Microsoft Visual Studio Solution File, Format Version 12.00
# Visual Studio 2012
Project("{FAE04EC0-301F-11D3-BF4B-00C04F79EFBC}") = "09-10-04", "09-10-04\09-10-04.csproj", "{EEF46B24-2278-4AE1-9DCA-5DCF7ED7A133}"
EndProject
Global
	GlobalSection(SolutionConfigurationPlatforms) = preSolution
		Debug|Any CPU = Debug|Any CPU
		Release|Any CPU = Release|Any CPU
	EndGlobalSection
	GlobalSection(ProjectConfigurationPlatforms) = postSolution
		{EEF46B24-2278-4AE1-9DCA-5DCF7ED7A133}.Debug|Any CPU.ActiveCfg = Debug|Any CPU
		{EEF46B24-2278-4AE1-9DCA-5DCF7ED7A133}.Debug|Any CPU.Build.0 = Debug|Any CPU
		{EEF46B24-2278-4AE1-9DCA-5DCF7ED7A133}.Release|Any CPU.ActiveCfg = Release|Any CPU
		{EEF46B24-2278-4AE1-9DCA-5DCF7ED7A133}.Release|Any CPU.Build.0 = Release|Any CPU
	EndGlobalSection
	GlobalSection(SolutionProperties) = preSolution
		HideSolutionNode = FALSE
	EndGlobalSection
EndGlobal
