
Microsoft Visual Studio Solution File, Format Version 12.00
# Visual Studio 2012
Project("{FAE04EC0-301F-11D3-BF4B-00C04F79EFBC}") = "02-09-01", "02-09-01\02-09-01.csproj", "{4AC64A95-5AB6-4196-B13F-7B2ED87D2CE1}"
EndProject
Global
	GlobalSection(SolutionConfigurationPlatforms) = preSolution
		Debug|Any CPU = Debug|Any CPU
		Release|Any CPU = Release|Any CPU
	EndGlobalSection
	GlobalSection(ProjectConfigurationPlatforms) = postSolution
		{4AC64A95-5AB6-4196-B13F-7B2ED87D2CE1}.Debug|Any CPU.ActiveCfg = Debug|Any CPU
		{4AC64A95-5AB6-4196-B13F-7B2ED87D2CE1}.Debug|Any CPU.Build.0 = Debug|Any CPU
		{4AC64A95-5AB6-4196-B13F-7B2ED87D2CE1}.Release|Any CPU.ActiveCfg = Release|Any CPU
		{4AC64A95-5AB6-4196-B13F-7B2ED87D2CE1}.Release|Any CPU.Build.0 = Release|Any CPU
	EndGlobalSection
	GlobalSection(SolutionProperties) = preSolution
		HideSolutionNode = FALSE
	EndGlobalSection
EndGlobal
