
Microsoft Visual Studio Solution File, Format Version 12.00
# Visual Studio 2012
Project("{F184B08F-C81C-45F6-A57F-5ABD9991F28F}") = "DataSetDragDrop", "DataSetDragDrop\DataSetDragDrop.vbproj", "{BCC202FB-B58E-40C3-B570-E5189FB42A70}"
EndProject
Global
	GlobalSection(SolutionConfigurationPlatforms) = preSolution
		Debug|Any CPU = Debug|Any CPU
		Release|Any CPU = Release|Any CPU
	EndGlobalSection
	GlobalSection(ProjectConfigurationPlatforms) = postSolution
		{BCC202FB-B58E-40C3-B570-E5189FB42A70}.Debug|Any CPU.ActiveCfg = Debug|Any CPU
		{BCC202FB-B58E-40C3-B570-E5189FB42A70}.Debug|Any CPU.Build.0 = Debug|Any CPU
		{BCC202FB-B58E-40C3-B570-E5189FB42A70}.Release|Any CPU.ActiveCfg = Release|Any CPU
		{BCC202FB-B58E-40C3-B570-E5189FB42A70}.Release|Any CPU.Build.0 = Release|Any CPU
	EndGlobalSection
	GlobalSection(SolutionProperties) = preSolution
		HideSolutionNode = FALSE
	EndGlobalSection
EndGlobal
