
Microsoft Visual Studio Solution File, Format Version 12.00
# Visual Studio 11
Project("{8BC9CEB8-8B4A-11D0-8D11-00A0C91BC942}") = "pcp4-1", "pcp4-1\pcp4-1.vcxproj", "{3392E764-F559-CFAD-A8C8-1C7FA9565269}"
EndProject
Global
	GlobalSection(SolutionConfigurationPlatforms) = preSolution
		Debug|Win32 = Debug|Win32
		Release|Win32 = Release|Win32
	EndGlobalSection
	GlobalSection(ProjectConfigurationPlatforms) = postSolution
		{3392E764-F559-CFAD-A8C8-1C7FA9565269}.Debug|Win32.ActiveCfg = Debug|Win32
		{3392E764-F559-CFAD-A8C8-1C7FA9565269}.Debug|Win32.Build.0 = Debug|Win32
		{3392E764-F559-CFAD-A8C8-1C7FA9565269}.Release|Win32.ActiveCfg = Release|Win32
		{3392E764-F559-CFAD-A8C8-1C7FA9565269}.Release|Win32.Build.0 = Release|Win32
	EndGlobalSection
	GlobalSection(SolutionProperties) = preSolution
		HideSolutionNode = FALSE
	EndGlobalSection
EndGlobal
