
Microsoft Visual Studio Solution File, Format Version 12.00
# Visual Studio 2012
Project("{FAE04EC0-301F-11D3-BF4B-00C04F79EFBC}") = "03-07-01", "03-07-01\03-07-01.csproj", "{6F0D37B8-5BFA-4D30-8C41-20CD5D759568}"
EndProject
Global
	GlobalSection(SolutionConfigurationPlatforms) = preSolution
		Debug|Any CPU = Debug|Any CPU
		Release|Any CPU = Release|Any CPU
	EndGlobalSection
	GlobalSection(ProjectConfigurationPlatforms) = postSolution
		{6F0D37B8-5BFA-4D30-8C41-20CD5D759568}.Debug|Any CPU.ActiveCfg = Debug|Any CPU
		{6F0D37B8-5BFA-4D30-8C41-20CD5D759568}.Debug|Any CPU.Build.0 = Debug|Any CPU
		{6F0D37B8-5BFA-4D30-8C41-20CD5D759568}.Release|Any CPU.ActiveCfg = Release|Any CPU
		{6F0D37B8-5BFA-4D30-8C41-20CD5D759568}.Release|Any CPU.Build.0 = Release|Any CPU
	EndGlobalSection
	GlobalSection(SolutionProperties) = preSolution
		HideSolutionNode = FALSE
	EndGlobalSection
EndGlobal
