Microsoft Visual Studio Solution File, Format Version 12.00
# Visual Studio 2012
Project("{FAE04EC0-301F-11D3-BF4B-00C04F79EFBC}") = "WPF-MessageBroker", "WPF-MessageBroker\WPF-MessageBroker.csproj", "{71D945F9-5EEF-4936-BF62-88EA51416804}"
EndProject
Global
	GlobalSection(SolutionConfigurationPlatforms) = preSolution
		Debug|x86 = Debug|x86
		Release|x86 = Release|x86
	EndGlobalSection
	GlobalSection(ProjectConfigurationPlatforms) = postSolution
		{71D945F9-5EEF-4936-BF62-88EA51416804}.Debug|x86.ActiveCfg = Debug|x86
		{71D945F9-5EEF-4936-BF62-88EA51416804}.Debug|x86.Build.0 = Debug|x86
		{71D945F9-5EEF-4936-BF62-88EA51416804}.Release|x86.ActiveCfg = Release|x86
		{71D945F9-5EEF-4936-BF62-88EA51416804}.Release|x86.Build.0 = Release|x86
	EndGlobalSection
	GlobalSection(SolutionProperties) = preSolution
		HideSolutionNode = FALSE
	EndGlobalSection
EndGlobal