
Microsoft Visual Studio Solution File, Format Version 12.00
# Visual Studio 2012
Project("{FAE04EC0-301F-11D3-BF4B-00C04F79EFBC}") = "06-02-01", "06-02-01\06-02-01.csproj", "{15235320-F83A-4CD5-9F12-266D61BD1EAB}"
EndProject
Global
	GlobalSection(SolutionConfigurationPlatforms) = preSolution
		Debug|Any CPU = Debug|Any CPU
		Release|Any CPU = Release|Any CPU
	EndGlobalSection
	GlobalSection(ProjectConfigurationPlatforms) = postSolution
		{15235320-F83A-4CD5-9F12-266D61BD1EAB}.Debug|Any CPU.ActiveCfg = Debug|Any CPU
		{15235320-F83A-4CD5-9F12-266D61BD1EAB}.Debug|Any CPU.Build.0 = Debug|Any CPU
		{15235320-F83A-4CD5-9F12-266D61BD1EAB}.Release|Any CPU.ActiveCfg = Release|Any CPU
		{15235320-F83A-4CD5-9F12-266D61BD1EAB}.Release|Any CPU.Build.0 = Release|Any CPU
	EndGlobalSection
	GlobalSection(SolutionProperties) = preSolution
		HideSolutionNode = FALSE
	EndGlobalSection
EndGlobal
