
Microsoft Visual Studio Solution File, Format Version 12.00
# Visual Studio 2012
Project("{FAE04EC0-301F-11D3-BF4B-00C04F79EFBC}") = "04-06-01", "04-06-01\04-06-01.csproj", "{28ABBF45-45A1-4143-9AB9-0D64919AD5DE}"
EndProject
Global
	GlobalSection(SolutionConfigurationPlatforms) = preSolution
		Debug|Any CPU = Debug|Any CPU
		Release|Any CPU = Release|Any CPU
	EndGlobalSection
	GlobalSection(ProjectConfigurationPlatforms) = postSolution
		{28ABBF45-45A1-4143-9AB9-0D64919AD5DE}.Debug|Any CPU.ActiveCfg = Debug|Any CPU
		{28ABBF45-45A1-4143-9AB9-0D64919AD5DE}.Debug|Any CPU.Build.0 = Debug|Any CPU
		{28ABBF45-45A1-4143-9AB9-0D64919AD5DE}.Release|Any CPU.ActiveCfg = Release|Any CPU
		{28ABBF45-45A1-4143-9AB9-0D64919AD5DE}.Release|Any CPU.Build.0 = Release|Any CPU
	EndGlobalSection
	GlobalSection(SolutionProperties) = preSolution
		HideSolutionNode = FALSE
	EndGlobalSection
EndGlobal
