Microsoft Visual Studio Solution File, Format Version 10.00
# Visual Studio 2008
Project("{F184B08F-C81C-45F6-A57F-5ABD9991F28F}") = "WPFListBox", "WPFListBox\WPFListBox.vbproj", "{D5F9C9C2-7310-4BC2-B038-3E3A26F48749}"
EndProject
Project("{F184B08F-C81C-45F6-A57F-5ABD9991F28F}") = "WPFComponents", "WPFComponents\WPFComponents.vbproj", "{DF995D36-A8AC-4E9F-AA4A-362589348172}"
EndProject
Global
	GlobalSection(SolutionConfigurationPlatforms) = preSolution
		Debug|Any CPU = Debug|Any CPU
		Release|Any CPU = Release|Any CPU
	EndGlobalSection
	GlobalSection(ProjectConfigurationPlatforms) = postSolution
		{D5F9C9C2-7310-4BC2-B038-3E3A26F48749}.Debug|Any CPU.ActiveCfg = Debug|Any CPU
		{D5F9C9C2-7310-4BC2-B038-3E3A26F48749}.Debug|Any CPU.Build.0 = Debug|Any CPU
		{D5F9C9C2-7310-4BC2-B038-3E3A26F48749}.Release|Any CPU.ActiveCfg = Release|Any CPU
		{D5F9C9C2-7310-4BC2-B038-3E3A26F48749}.Release|Any CPU.Build.0 = Release|Any CPU
		{DF995D36-A8AC-4E9F-AA4A-362589348172}.Debug|Any CPU.ActiveCfg = Debug|Any CPU
		{DF995D36-A8AC-4E9F-AA4A-362589348172}.Debug|Any CPU.Build.0 = Debug|Any CPU
		{DF995D36-A8AC-4E9F-AA4A-362589348172}.Release|Any CPU.ActiveCfg = Release|Any CPU
		{DF995D36-A8AC-4E9F-AA4A-362589348172}.Release|Any CPU.Build.0 = Release|Any CPU
	EndGlobalSection
	GlobalSection(SolutionProperties) = preSolution
		HideSolutionNode = FALSE
	EndGlobalSection
EndGlobal