
Microsoft Visual Studio Solution File, Format Version 12.00
# Visual Studio 2013
Project("{FAE04EC0-301F-11D3-BF4B-00C04F79EFBC}") = "AnimationBehaviorsDemo", "AnimationBehaviorsDemo\AnimationBehaviorsDemo.csproj", "{A2E175EB-2148-4B75-93DE-1D7A90A7D8CA}"
EndProject
Global
	GlobalSection(SolutionConfigurationPlatforms) = preSolution
		Debug|Any CPU = Debug|Any CPU
		Release|Any CPU = Release|Any CPU
	EndGlobalSection
	GlobalSection(ProjectConfigurationPlatforms) = postSolution
		{A2E175EB-2148-4B75-93DE-1D7A90A7D8CA}.Debug|Any CPU.ActiveCfg = Debug|Any CPU
		{A2E175EB-2148-4B75-93DE-1D7A90A7D8CA}.Debug|Any CPU.Build.0 = Debug|Any CPU
		{A2E175EB-2148-4B75-93DE-1D7A90A7D8CA}.Release|Any CPU.ActiveCfg = Release|Any CPU
		{A2E175EB-2148-4B75-93DE-1D7A90A7D8CA}.Release|Any CPU.Build.0 = Release|Any CPU
	EndGlobalSection
EndGlobal
