
Microsoft Visual Studio Solution File, Format Version 11.00
# Visual Studio 2010
Project("{FAE04EC0-301F-11D3-BF4B-00C04F79EFBC}") = "ControlFlow", "ControlFlow\ControlFlow.csproj", "{024571EC-A46E-4F37-8489-0A359E3BD484}"
EndProject
Global
	GlobalSection(SolutionConfigurationPlatforms) = preSolution
		Debug|x86 = Debug|x86
		Release|x86 = Release|x86
	EndGlobalSection
	GlobalSection(ProjectConfigurationPlatforms) = postSolution
		{024571EC-A46E-4F37-8489-0A359E3BD484}.Debug|x86.ActiveCfg = Debug|x86
		{024571EC-A46E-4F37-8489-0A359E3BD484}.Debug|x86.Build.0 = Debug|x86
		{024571EC-A46E-4F37-8489-0A359E3BD484}.Release|x86.ActiveCfg = Release|x86
		{024571EC-A46E-4F37-8489-0A359E3BD484}.Release|x86.Build.0 = Release|x86
	EndGlobalSection
	GlobalSection(SolutionProperties) = preSolution
		HideSolutionNode = FALSE
	EndGlobalSection
EndGlobal
