
Microsoft Visual Studio Solution File, Format Version 10.00
# Visual Studio 2008
Project("{FAE04EC0-301F-11D3-BF4B-00C04F79EFBC}") = "WpfComposition", "WpfComposition\WpfComposition.csproj", "{3E11DE02-9F7F-4CE4-B695-9C7D1E14A967}"
EndProject
Global
	GlobalSection(SolutionConfigurationPlatforms) = preSolution
		Debug|Any CPU = Debug|Any CPU
		Release|Any CPU = Release|Any CPU
	EndGlobalSection
	GlobalSection(ProjectConfigurationPlatforms) = postSolution
		{3E11DE02-9F7F-4CE4-B695-9C7D1E14A967}.Debug|Any CPU.ActiveCfg = Debug|Any CPU
		{3E11DE02-9F7F-4CE4-B695-9C7D1E14A967}.Debug|Any CPU.Build.0 = Debug|Any CPU
		{3E11DE02-9F7F-4CE4-B695-9C7D1E14A967}.Release|Any CPU.ActiveCfg = Release|Any CPU
		{3E11DE02-9F7F-4CE4-B695-9C7D1E14A967}.Release|Any CPU.Build.0 = Release|Any CPU
	EndGlobalSection
EndGlobal
