
Microsoft Visual Studio Solution File, Format Version 12.00
# Visual Studio Express 2012 for Windows Desktop
Project("{FAE04EC0-301F-11D3-BF4B-00C04F79EFBC}") = "ConsoleByValue", "ConsoleByValue.csproj", "{FDE8421F-806F-48A6-A198-15C3560EFFF7}"
EndProject
Global
	GlobalSection(SolutionConfigurationPlatforms) = preSolution
		Debug|Any CPU = Debug|Any CPU
		Release|Any CPU = Release|Any CPU
	EndGlobalSection
	GlobalSection(ProjectConfigurationPlatforms) = postSolution
		{FDE8421F-806F-48A6-A198-15C3560EFFF7}.Debug|Any CPU.ActiveCfg = Debug|Any CPU
		{FDE8421F-806F-48A6-A198-15C3560EFFF7}.Debug|Any CPU.Build.0 = Debug|Any CPU
		{FDE8421F-806F-48A6-A198-15C3560EFFF7}.Release|Any CPU.ActiveCfg = Release|Any CPU
		{FDE8421F-806F-48A6-A198-15C3560EFFF7}.Release|Any CPU.Build.0 = Release|Any CPU
	EndGlobalSection
	GlobalSection(SolutionProperties) = preSolution
		HideSolutionNode = FALSE
	EndGlobalSection
EndGlobal
