
Microsoft Visual Studio Solution File, Format Version 12.00
# Visual Studio 2012
Project("{FAE04EC0-301F-11D3-BF4B-00C04F79EFBC}") = "05-03-01", "05-03-01\05-03-01.csproj", "{C2BA0688-0BFA-4E02-8909-112F75020B30}"
EndProject
Global
	GlobalSection(SolutionConfigurationPlatforms) = preSolution
		Debug|Any CPU = Debug|Any CPU
		Release|Any CPU = Release|Any CPU
	EndGlobalSection
	GlobalSection(ProjectConfigurationPlatforms) = postSolution
		{C2BA0688-0BFA-4E02-8909-112F75020B30}.Debug|Any CPU.ActiveCfg = Debug|Any CPU
		{C2BA0688-0BFA-4E02-8909-112F75020B30}.Debug|Any CPU.Build.0 = Debug|Any CPU
		{C2BA0688-0BFA-4E02-8909-112F75020B30}.Release|Any CPU.ActiveCfg = Release|Any CPU
		{C2BA0688-0BFA-4E02-8909-112F75020B30}.Release|Any CPU.Build.0 = Release|Any CPU
	EndGlobalSection
	GlobalSection(SolutionProperties) = preSolution
		HideSolutionNode = FALSE
	EndGlobalSection
EndGlobal
