Microsoft Visual Studio Solution File, Format Version 10.00
# Visual Studio 2008
Project("{F184B08F-C81C-45F6-A57F-5ABD9991F28F}") = "WPFShapesOnCanvas-VB", "WPFShapesOnCanvas-VB\WPFShapesOnCanvas-VB.vbproj", "{A3869D19-247F-4D04-9BF5-294E0202142C}"
EndProject
Global
	GlobalSection(SolutionConfigurationPlatforms) = preSolution
		Debug|Any CPU = Debug|Any CPU
		Release|Any CPU = Release|Any CPU
	EndGlobalSection
	GlobalSection(ProjectConfigurationPlatforms) = postSolution
		{A3869D19-247F-4D04-9BF5-294E0202142C}.Debug|Any CPU.ActiveCfg = Debug|Any CPU
		{A3869D19-247F-4D04-9BF5-294E0202142C}.Debug|Any CPU.Build.0 = Debug|Any CPU
		{A3869D19-247F-4D04-9BF5-294E0202142C}.Release|Any CPU.ActiveCfg = Release|Any CPU
		{A3869D19-247F-4D04-9BF5-294E0202142C}.Release|Any CPU.Build.0 = Release|Any CPU
	EndGlobalSection
	GlobalSection(SolutionProperties) = preSolution
		HideSolutionNode = FALSE
	EndGlobalSection
EndGlobal