
Microsoft Visual Studio Solution File, Format Version 11.00
# Visual Studio 2010
Project("{FAE04EC0-301F-11D3-BF4B-00C04F79EFBC}") = "RefTypeEquality", "RefTypeEquality\RefTypeEquality.csproj", "{064F394F-3D12-4438-A83B-1351D34C7CD9}"
EndProject
Global
	GlobalSection(SolutionConfigurationPlatforms) = preSolution
		Debug|x86 = Debug|x86
		Release|x86 = Release|x86
	EndGlobalSection
	GlobalSection(ProjectConfigurationPlatforms) = postSolution
		{064F394F-3D12-4438-A83B-1351D34C7CD9}.Debug|x86.ActiveCfg = Debug|x86
		{064F394F-3D12-4438-A83B-1351D34C7CD9}.Debug|x86.Build.0 = Debug|x86
		{064F394F-3D12-4438-A83B-1351D34C7CD9}.Release|x86.ActiveCfg = Release|x86
		{064F394F-3D12-4438-A83B-1351D34C7CD9}.Release|x86.Build.0 = Release|x86
	EndGlobalSection
	GlobalSection(SolutionProperties) = preSolution
		HideSolutionNode = FALSE
	EndGlobalSection
EndGlobal
