
Microsoft Visual Studio Solution File, Format Version 10.00
# Visual Studio 2008
Project("{FAE04EC0-301F-11D3-BF4B-00C04F79EFBC}") = "CommandHandling", "CommandHandling.csproj", "{F96BA4CF-9E95-41AD-BC8E-A62984932A4E}"
EndProject
Global
	GlobalSection(SolutionConfigurationPlatforms) = preSolution
		Debug|Any CPU = Debug|Any CPU
		Release|Any CPU = Release|Any CPU
	EndGlobalSection
	GlobalSection(ProjectConfigurationPlatforms) = postSolution
		{F96BA4CF-9E95-41AD-BC8E-A62984932A4E}.Debug|Any CPU.ActiveCfg = Debug|Any CPU
		{F96BA4CF-9E95-41AD-BC8E-A62984932A4E}.Debug|Any CPU.Build.0 = Debug|Any CPU
		{F96BA4CF-9E95-41AD-BC8E-A62984932A4E}.Release|Any CPU.ActiveCfg = Release|Any CPU
		{F96BA4CF-9E95-41AD-BC8E-A62984932A4E}.Release|Any CPU.Build.0 = Release|Any CPU
	EndGlobalSection
	GlobalSection(SolutionProperties) = preSolution
		HideSolutionNode = FALSE
	EndGlobalSection
EndGlobal
