
Microsoft Visual Studio Solution File, Format Version 11.00
# Visual Studio 2010
Project("{FAE04EC0-301F-11D3-BF4B-00C04F79EFBC}") = "EqualityComparerDemo", "EqualityComparerDemo\EqualityComparerDemo.csproj", "{CF03286B-FD2D-4A42-8DD0-E0754A4C7F25}"
EndProject
Global
	GlobalSection(SolutionConfigurationPlatforms) = preSolution
		Debug|x86 = Debug|x86
		Release|x86 = Release|x86
	EndGlobalSection
	GlobalSection(ProjectConfigurationPlatforms) = postSolution
		{CF03286B-FD2D-4A42-8DD0-E0754A4C7F25}.Debug|x86.ActiveCfg = Debug|x86
		{CF03286B-FD2D-4A42-8DD0-E0754A4C7F25}.Debug|x86.Build.0 = Debug|x86
		{CF03286B-FD2D-4A42-8DD0-E0754A4C7F25}.Release|x86.ActiveCfg = Release|x86
		{CF03286B-FD2D-4A42-8DD0-E0754A4C7F25}.Release|x86.Build.0 = Release|x86
	EndGlobalSection
	GlobalSection(SolutionProperties) = preSolution
		HideSolutionNode = FALSE
	EndGlobalSection
EndGlobal
