
Microsoft Visual Studio Solution File, Format Version 12.00
# Visual Studio 2013
VisualStudioVersion = 12.0.21005.1
MinimumVisualStudioVersion = 10.0.40219.1
Project("{FAE04EC0-301F-11D3-BF4B-00C04F79EFBC}") = "Mod04-CacheEffects", "Mod04-CacheEffects\Mod04-CacheEffects.csproj", "{86F498C2-EF6D-45F9-B6BC-4C802E1FF8FF}"
EndProject
Global
	GlobalSection(SolutionConfigurationPlatforms) = preSolution
		Debug|Any CPU = Debug|Any CPU
		Release|Any CPU = Release|Any CPU
	EndGlobalSection
	GlobalSection(ProjectConfigurationPlatforms) = postSolution
		{86F498C2-EF6D-45F9-B6BC-4C802E1FF8FF}.Debug|Any CPU.ActiveCfg = Debug|Any CPU
		{86F498C2-EF6D-45F9-B6BC-4C802E1FF8FF}.Debug|Any CPU.Build.0 = Debug|Any CPU
		{86F498C2-EF6D-45F9-B6BC-4C802E1FF8FF}.Release|Any CPU.ActiveCfg = Release|Any CPU
		{86F498C2-EF6D-45F9-B6BC-4C802E1FF8FF}.Release|Any CPU.Build.0 = Release|Any CPU
	EndGlobalSection
	GlobalSection(SolutionProperties) = preSolution
		HideSolutionNode = FALSE
	EndGlobalSection
EndGlobal
