
Microsoft Visual Studio Solution File, Format Version 12.00
# Visual Studio 2012
Project("{FAE04EC0-301F-11D3-BF4B-00C04F79EFBC}") = "02-07-02", "02-07-02\02-07-02.csproj", "{4ECF0D1B-6B42-468C-AD25-1159D4A31EED}"
EndProject
Global
	GlobalSection(SolutionConfigurationPlatforms) = preSolution
		Debug|Any CPU = Debug|Any CPU
		Release|Any CPU = Release|Any CPU
	EndGlobalSection
	GlobalSection(ProjectConfigurationPlatforms) = postSolution
		{4ECF0D1B-6B42-468C-AD25-1159D4A31EED}.Debug|Any CPU.ActiveCfg = Debug|Any CPU
		{4ECF0D1B-6B42-468C-AD25-1159D4A31EED}.Debug|Any CPU.Build.0 = Debug|Any CPU
		{4ECF0D1B-6B42-468C-AD25-1159D4A31EED}.Release|Any CPU.ActiveCfg = Release|Any CPU
		{4ECF0D1B-6B42-468C-AD25-1159D4A31EED}.Release|Any CPU.Build.0 = Release|Any CPU
	EndGlobalSection
	GlobalSection(SolutionProperties) = preSolution
		HideSolutionNode = FALSE
	EndGlobalSection
EndGlobal
