
Microsoft Visual Studio Solution File, Format Version 12.00
# Visual Studio 2012
Project("{FAE04EC0-301F-11D3-BF4B-00C04F79EFBC}") = "09-11-03", "09-11-03\09-11-03.csproj", "{87F52CD9-AF63-4467-8681-AAA6CF6C4BF5}"
EndProject
Global
	GlobalSection(SolutionConfigurationPlatforms) = preSolution
		Debug|Any CPU = Debug|Any CPU
		Release|Any CPU = Release|Any CPU
	EndGlobalSection
	GlobalSection(ProjectConfigurationPlatforms) = postSolution
		{87F52CD9-AF63-4467-8681-AAA6CF6C4BF5}.Debug|Any CPU.ActiveCfg = Debug|Any CPU
		{87F52CD9-AF63-4467-8681-AAA6CF6C4BF5}.Debug|Any CPU.Build.0 = Debug|Any CPU
		{87F52CD9-AF63-4467-8681-AAA6CF6C4BF5}.Release|Any CPU.ActiveCfg = Release|Any CPU
		{87F52CD9-AF63-4467-8681-AAA6CF6C4BF5}.Release|Any CPU.Build.0 = Release|Any CPU
	EndGlobalSection
	GlobalSection(SolutionProperties) = preSolution
		HideSolutionNode = FALSE
	EndGlobalSection
EndGlobal
