
Microsoft Visual Studio Solution File, Format Version 12.00
# Visual Studio 2012
Project("{FAE04EC0-301F-11D3-BF4B-00C04F79EFBC}") = "03-05-04", "03-05-04\03-05-04.csproj", "{A5C6BB70-37FA-493F-8147-89A98EB17C0B}"
EndProject
Global
	GlobalSection(SolutionConfigurationPlatforms) = preSolution
		Debug|Any CPU = Debug|Any CPU
		Release|Any CPU = Release|Any CPU
	EndGlobalSection
	GlobalSection(ProjectConfigurationPlatforms) = postSolution
		{A5C6BB70-37FA-493F-8147-89A98EB17C0B}.Debug|Any CPU.ActiveCfg = Debug|Any CPU
		{A5C6BB70-37FA-493F-8147-89A98EB17C0B}.Debug|Any CPU.Build.0 = Debug|Any CPU
		{A5C6BB70-37FA-493F-8147-89A98EB17C0B}.Release|Any CPU.ActiveCfg = Release|Any CPU
		{A5C6BB70-37FA-493F-8147-89A98EB17C0B}.Release|Any CPU.Build.0 = Release|Any CPU
	EndGlobalSection
	GlobalSection(SolutionProperties) = preSolution
		HideSolutionNode = FALSE
	EndGlobalSection
EndGlobal
