
Microsoft Visual Studio Solution File, Format Version 12.00
# Visual Studio 2012
Project("{FAE04EC0-301F-11D3-BF4B-00C04F79EFBC}") = "10-08-01", "10-08-01\10-08-01.csproj", "{D298C290-E6BF-415B-8D20-D4AA0A2CFF68}"
EndProject
Global
	GlobalSection(SolutionConfigurationPlatforms) = preSolution
		Debug|Any CPU = Debug|Any CPU
		Release|Any CPU = Release|Any CPU
	EndGlobalSection
	GlobalSection(ProjectConfigurationPlatforms) = postSolution
		{D298C290-E6BF-415B-8D20-D4AA0A2CFF68}.Debug|Any CPU.ActiveCfg = Debug|Any CPU
		{D298C290-E6BF-415B-8D20-D4AA0A2CFF68}.Debug|Any CPU.Build.0 = Debug|Any CPU
		{D298C290-E6BF-415B-8D20-D4AA0A2CFF68}.Release|Any CPU.ActiveCfg = Release|Any CPU
		{D298C290-E6BF-415B-8D20-D4AA0A2CFF68}.Release|Any CPU.Build.0 = Release|Any CPU
	EndGlobalSection
	GlobalSection(SolutionProperties) = preSolution
		HideSolutionNode = FALSE
	EndGlobalSection
EndGlobal
