
Microsoft Visual Studio Solution File, Format Version 12.00
# Visual Studio 11
Project("{8BC9CEB8-8B4A-11D0-8D11-00A0C91BC942}") = "pcp6-2", "pcp6-2\pcp6-2.vcxproj", "{591A39EC-6343-9F79-4DA7-83D557E59EF7}"
EndProject
Global
	GlobalSection(SolutionConfigurationPlatforms) = preSolution
		Debug|Win32 = Debug|Win32
		Release|Win32 = Release|Win32
	EndGlobalSection
	GlobalSection(ProjectConfigurationPlatforms) = postSolution
		{591A39EC-6343-9F79-4DA7-83D557E59EF7}.Debug|Win32.ActiveCfg = Debug|Win32
		{591A39EC-6343-9F79-4DA7-83D557E59EF7}.Debug|Win32.Build.0 = Debug|Win32
		{591A39EC-6343-9F79-4DA7-83D557E59EF7}.Release|Win32.ActiveCfg = Release|Win32
		{591A39EC-6343-9F79-4DA7-83D557E59EF7}.Release|Win32.Build.0 = Release|Win32
	EndGlobalSection
	GlobalSection(SolutionProperties) = preSolution
		HideSolutionNode = FALSE
	EndGlobalSection
EndGlobal
