
Microsoft Visual Studio Solution File, Format Version 12.00
# Visual Studio 2012
Project("{FAE04EC0-301F-11D3-BF4B-00C04F79EFBC}") = "TemplateDemo", "TemplateDemo\TemplateDemo.csproj", "{bc9ac352-4b5e-40a6-b93e-0105f1556627}"
EndProject
Global
	GlobalSection(SolutionConfigurationPlatforms) = preSolution
		Debug|Any CPU = Debug|Any CPU
		Release|Any CPU = Release|Any CPU
	EndGlobalSection
	GlobalSection(ProjectConfigurationPlatforms) = postSolution
		{BC9AC352-4B5E-40A6-B93E-0105F1556627}.Debug|Any CPU.ActiveCfg = Debug|Any CPU
		{BC9AC352-4B5E-40A6-B93E-0105F1556627}.Debug|Any CPU.Build.0 = Debug|Any CPU
		{BC9AC352-4B5E-40A6-B93E-0105F1556627}.Release|Any CPU.ActiveCfg = Release|Any CPU
		{BC9AC352-4B5E-40A6-B93E-0105F1556627}.Release|Any CPU.Build.0 = Release|Any CPU
	EndGlobalSection
EndGlobal
