
Microsoft Visual Studio Solution File, Format Version 10.00
# Visual Studio 2008
Project("{FAE04EC0-301F-11D3-BF4B-00C04F79EFBC}") = "WaveData", "WaveData.csproj", "{157D20CF-EB06-49F7-A078-9753BE041BEF}"
EndProject
Global
	GlobalSection(SolutionConfigurationPlatforms) = preSolution
		Debug|Any CPU = Debug|Any CPU
		Release|Any CPU = Release|Any CPU
	EndGlobalSection
	GlobalSection(ProjectConfigurationPlatforms) = postSolution
		{157D20CF-EB06-49F7-A078-9753BE041BEF}.Debug|Any CPU.ActiveCfg = Debug|Any CPU
		{157D20CF-EB06-49F7-A078-9753BE041BEF}.Debug|Any CPU.Build.0 = Debug|Any CPU
		{157D20CF-EB06-49F7-A078-9753BE041BEF}.Release|Any CPU.ActiveCfg = Release|Any CPU
		{157D20CF-EB06-49F7-A078-9753BE041BEF}.Release|Any CPU.Build.0 = Release|Any CPU
	EndGlobalSection
	GlobalSection(SolutionProperties) = preSolution
		HideSolutionNode = FALSE
	EndGlobalSection
EndGlobal
