Microsoft Visual Studio Solution File, Format Version 12.00
# Visual Studio 2012
Project("{FAE04EC0-301F-11D3-BF4B-00C04F79EFBC}") = "Windows8Shell", "Windows8Shell\Windows8Shell.csproj", "{3AE72D99-8591-4ECC-AE2E-73EF4928AC82}"
EndProject
Project("{FAE04EC0-301F-11D3-BF4B-00C04F79EFBC}") = "PDSA.Common", "PDSA.Common\PDSA.Common.csproj", "{C2FD6C53-AB38-4B58-AC9D-0A1F386B2A8A}"
EndProject
Project("{FAE04EC0-301F-11D3-BF4B-00C04F79EFBC}") = "PDSA.WPF", "PDSA.WPF\PDSA.WPF.csproj", "{8DB9CBFD-FE4E-420F-8EE5-E086AC488BFA}"
EndProject
Global
	GlobalSection(SolutionConfigurationPlatforms) = preSolution
		Debug|Any CPU = Debug|Any CPU
		Debug|Mixed Platforms = Debug|Mixed Platforms
		Debug|x86 = Debug|x86
		Release|Any CPU = Release|Any CPU
		Release|Mixed Platforms = Release|Mixed Platforms
		Release|x86 = Release|x86
	EndGlobalSection
	GlobalSection(ProjectConfigurationPlatforms) = postSolution
		{3AE72D99-8591-4ECC-AE2E-73EF4928AC82}.Debug|Any CPU.ActiveCfg = Debug|x86
		{3AE72D99-8591-4ECC-AE2E-73EF4928AC82}.Debug|Mixed Platforms.ActiveCfg = Debug|x86
		{3AE72D99-8591-4ECC-AE2E-73EF4928AC82}.Debug|Mixed Platforms.Build.0 = Debug|x86
		{3AE72D99-8591-4ECC-AE2E-73EF4928AC82}.Debug|x86.ActiveCfg = Debug|x86
		{3AE72D99-8591-4ECC-AE2E-73EF4928AC82}.Debug|x86.Build.0 = Debug|x86
		{3AE72D99-8591-4ECC-AE2E-73EF4928AC82}.Release|Any CPU.ActiveCfg = Release|x86
		{3AE72D99-8591-4ECC-AE2E-73EF4928AC82}.Release|Mixed Platforms.ActiveCfg = Release|x86
		{3AE72D99-8591-4ECC-AE2E-73EF4928AC82}.Release|Mixed Platforms.Build.0 = Release|x86
		{3AE72D99-8591-4ECC-AE2E-73EF4928AC82}.Release|x86.ActiveCfg = Release|x86
		{3AE72D99-8591-4ECC-AE2E-73EF4928AC82}.Release|x86.Build.0 = Release|x86
		{C2FD6C53-AB38-4B58-AC9D-0A1F386B2A8A}.Debug|Any CPU.ActiveCfg = Debug|Any CPU
		{C2FD6C53-AB38-4B58-AC9D-0A1F386B2A8A}.Debug|Any CPU.Build.0 = Debug|Any CPU
		{C2FD6C53-AB38-4B58-AC9D-0A1F386B2A8A}.Debug|Mixed Platforms.ActiveCfg = Debug|Any CPU
		{C2FD6C53-AB38-4B58-AC9D-0A1F386B2A8A}.Debug|Mixed Platforms.Build.0 = Debug|Any CPU
		{C2FD6C53-AB38-4B58-AC9D-0A1F386B2A8A}.Debug|x86.ActiveCfg = Debug|Any CPU
		{C2FD6C53-AB38-4B58-AC9D-0A1F386B2A8A}.Release|Any CPU.ActiveCfg = Release|Any CPU
		{C2FD6C53-AB38-4B58-AC9D-0A1F386B2A8A}.Release|Any CPU.Build.0 = Release|Any CPU
		{C2FD6C53-AB38-4B58-AC9D-0A1F386B2A8A}.Release|Mixed Platforms.ActiveCfg = Release|Any CPU
		{C2FD6C53-AB38-4B58-AC9D-0A1F386B2A8A}.Release|Mixed Platforms.Build.0 = Release|Any CPU
		{C2FD6C53-AB38-4B58-AC9D-0A1F386B2A8A}.Release|x86.ActiveCfg = Release|Any CPU
		{8DB9CBFD-FE4E-420F-8EE5-E086AC488BFA}.Debug|Any CPU.ActiveCfg = Debug|Any CPU
		{8DB9CBFD-FE4E-420F-8EE5-E086AC488BFA}.Debug|Any CPU.Build.0 = Debug|Any CPU
		{8DB9CBFD-FE4E-420F-8EE5-E086AC488BFA}.Debug|Mixed Platforms.ActiveCfg = Debug|Any CPU
		{8DB9CBFD-FE4E-420F-8EE5-E086AC488BFA}.Debug|Mixed Platforms.Build.0 = Debug|Any CPU
		{8DB9CBFD-FE4E-420F-8EE5-E086AC488BFA}.Debug|x86.ActiveCfg = Debug|Any CPU
		{8DB9CBFD-FE4E-420F-8EE5-E086AC488BFA}.Release|Any CPU.ActiveCfg = Release|Any CPU
		{8DB9CBFD-FE4E-420F-8EE5-E086AC488BFA}.Release|Any CPU.Build.0 = Release|Any CPU
		{8DB9CBFD-FE4E-420F-8EE5-E086AC488BFA}.Release|Mixed Platforms.ActiveCfg = Release|Any CPU
		{8DB9CBFD-FE4E-420F-8EE5-E086AC488BFA}.Release|Mixed Platforms.Build.0 = Release|Any CPU
		{8DB9CBFD-FE4E-420F-8EE5-E086AC488BFA}.Release|x86.ActiveCfg = Release|Any CPU
	EndGlobalSection
	GlobalSection(SolutionProperties) = preSolution
		HideSolutionNode = FALSE
	EndGlobalSection
EndGlobal