
Microsoft Visual Studio Solution File, Format Version 12.00
# Visual Studio 2013
VisualStudioVersion = 12.0.30110.0
MinimumVisualStudioVersion = 10.0.40219.1
Project("{FAE04EC0-301F-11D3-BF4B-00C04F79EFBC}") = "FrmLogin", "FrmLogin\FrmLogin.csproj", "{CC7AF27E-D8E3-41EB-B18E-F0849B020131}"
EndProject
Global
	GlobalSection(SolutionConfigurationPlatforms) = preSolution
		Debug|Any CPU = Debug|Any CPU
		Release|Any CPU = Release|Any CPU
	EndGlobalSection
	GlobalSection(ProjectConfigurationPlatforms) = postSolution
		{CC7AF27E-D8E3-41EB-B18E-F0849B020131}.Debug|Any CPU.ActiveCfg = Debug|Any CPU
		{CC7AF27E-D8E3-41EB-B18E-F0849B020131}.Debug|Any CPU.Build.0 = Debug|Any CPU
		{CC7AF27E-D8E3-41EB-B18E-F0849B020131}.Release|Any CPU.ActiveCfg = Release|Any CPU
		{CC7AF27E-D8E3-41EB-B18E-F0849B020131}.Release|Any CPU.Build.0 = Release|Any CPU
	EndGlobalSection
	GlobalSection(SolutionProperties) = preSolution
		HideSolutionNode = FALSE
	EndGlobalSection
EndGlobal
