
Microsoft Visual Studio Solution File, Format Version 12.00
# Visual Studio 2012
Project("{FAE04EC0-301F-11D3-BF4B-00C04F79EFBC}") = "03-05-05", "03-05-05\03-05-05.csproj", "{23416D85-6B36-4FAF-AF8F-B4028B90A8FC}"
EndProject
Global
	GlobalSection(SolutionConfigurationPlatforms) = preSolution
		Debug|Any CPU = Debug|Any CPU
		Release|Any CPU = Release|Any CPU
	EndGlobalSection
	GlobalSection(ProjectConfigurationPlatforms) = postSolution
		{23416D85-6B36-4FAF-AF8F-B4028B90A8FC}.Debug|Any CPU.ActiveCfg = Debug|Any CPU
		{23416D85-6B36-4FAF-AF8F-B4028B90A8FC}.Debug|Any CPU.Build.0 = Debug|Any CPU
		{23416D85-6B36-4FAF-AF8F-B4028B90A8FC}.Release|Any CPU.ActiveCfg = Release|Any CPU
		{23416D85-6B36-4FAF-AF8F-B4028B90A8FC}.Release|Any CPU.Build.0 = Release|Any CPU
	EndGlobalSection
	GlobalSection(SolutionProperties) = preSolution
		HideSolutionNode = FALSE
	EndGlobalSection
EndGlobal
