
Microsoft Visual Studio Solution File, Format Version 12.00
# Visual Studio Express 2012 for Windows Desktop
Project("{FAE04EC0-301F-11D3-BF4B-00C04F79EFBC}") = "CSSFSDemo3", "CSSFSDemo3\CSSFSDemo3.csproj", "{6C6F3F82-D408-4424-8825-26970D236037}"
EndProject
Global
	GlobalSection(SolutionConfigurationPlatforms) = preSolution
		Debug|Any CPU = Debug|Any CPU
		Release|Any CPU = Release|Any CPU
	EndGlobalSection
	GlobalSection(ProjectConfigurationPlatforms) = postSolution
		{6C6F3F82-D408-4424-8825-26970D236037}.Debug|Any CPU.ActiveCfg = Debug|Any CPU
		{6C6F3F82-D408-4424-8825-26970D236037}.Debug|Any CPU.Build.0 = Debug|Any CPU
		{6C6F3F82-D408-4424-8825-26970D236037}.Release|Any CPU.ActiveCfg = Release|Any CPU
		{6C6F3F82-D408-4424-8825-26970D236037}.Release|Any CPU.Build.0 = Release|Any CPU
	EndGlobalSection
	GlobalSection(SolutionProperties) = preSolution
		HideSolutionNode = FALSE
	EndGlobalSection
EndGlobal
