
Microsoft Visual Studio Solution File, Format Version 12.00
# Visual Studio Express 2012 for Windows Desktop
Project("{FAE04EC0-301F-11D3-BF4B-00C04F79EFBC}") = "CSSFS2Demo", "CSSFS2Demo\CSSFS2Demo.csproj", "{B422E61C-83FD-4ABE-AC31-2A8CCF44DD93}"
EndProject
Global
	GlobalSection(SolutionConfigurationPlatforms) = preSolution
		Debug|Any CPU = Debug|Any CPU
		Release|Any CPU = Release|Any CPU
	EndGlobalSection
	GlobalSection(ProjectConfigurationPlatforms) = postSolution
		{B422E61C-83FD-4ABE-AC31-2A8CCF44DD93}.Debug|Any CPU.ActiveCfg = Debug|Any CPU
		{B422E61C-83FD-4ABE-AC31-2A8CCF44DD93}.Debug|Any CPU.Build.0 = Debug|Any CPU
		{B422E61C-83FD-4ABE-AC31-2A8CCF44DD93}.Release|Any CPU.ActiveCfg = Release|Any CPU
		{B422E61C-83FD-4ABE-AC31-2A8CCF44DD93}.Release|Any CPU.Build.0 = Release|Any CPU
	EndGlobalSection
	GlobalSection(SolutionProperties) = preSolution
		HideSolutionNode = FALSE
	EndGlobalSection
EndGlobal
