
Microsoft Visual Studio Solution File, Format Version 10.00
# Visual Studio 2008
Project("{FAE04EC0-301F-11D3-BF4B-00C04F79EFBC}") = "OpacityMask", "OpacityMask\OpacityMask.csproj", "{D21C67AD-9D5D-4419-85C2-7BDD26574B0E}"
EndProject
Global
	GlobalSection(SolutionConfigurationPlatforms) = preSolution
		Debug|Any CPU = Debug|Any CPU
		Release|Any CPU = Release|Any CPU
	EndGlobalSection
	GlobalSection(ProjectConfigurationPlatforms) = postSolution
		{D21C67AD-9D5D-4419-85C2-7BDD26574B0E}.Debug|Any CPU.ActiveCfg = Debug|Any CPU
		{D21C67AD-9D5D-4419-85C2-7BDD26574B0E}.Debug|Any CPU.Build.0 = Debug|Any CPU
		{D21C67AD-9D5D-4419-85C2-7BDD26574B0E}.Release|Any CPU.ActiveCfg = Release|Any CPU
		{D21C67AD-9D5D-4419-85C2-7BDD26574B0E}.Release|Any CPU.Build.0 = Release|Any CPU
	EndGlobalSection
EndGlobal
