
Microsoft Visual Studio Solution File, Format Version 10.00
# Visual Studio 2008
Project("{FAE04EC0-301F-11D3-BF4B-00C04F79EFBC}") = "SharedFrameworkElementResource", "SharedFrameworkElementResource.csproj", "{0225D251-95D8-45F3-B1AE-485F31D94159}"
EndProject
Global
	GlobalSection(SolutionConfigurationPlatforms) = preSolution
		Debug|Any CPU = Debug|Any CPU
		Release|Any CPU = Release|Any CPU
	EndGlobalSection
	GlobalSection(ProjectConfigurationPlatforms) = postSolution
		{0225D251-95D8-45F3-B1AE-485F31D94159}.Debug|Any CPU.ActiveCfg = Debug|Any CPU
		{0225D251-95D8-45F3-B1AE-485F31D94159}.Debug|Any CPU.Build.0 = Debug|Any CPU
		{0225D251-95D8-45F3-B1AE-485F31D94159}.Release|Any CPU.ActiveCfg = Release|Any CPU
		{0225D251-95D8-45F3-B1AE-485F31D94159}.Release|Any CPU.Build.0 = Release|Any CPU
	EndGlobalSection
	GlobalSection(SolutionProperties) = preSolution
		HideSolutionNode = FALSE
	EndGlobalSection
EndGlobal
