
Microsoft Visual Studio Solution File, Format Version 12.00
# Visual Studio 2012
Project("{FAE04EC0-301F-11D3-BF4B-00C04F79EFBC}") = "10-06-05", "10-06-05\10-06-05.csproj", "{2B21359A-C512-4C2A-8E3F-8AEE21DA7487}"
EndProject
Global
	GlobalSection(SolutionConfigurationPlatforms) = preSolution
		Debug|Any CPU = Debug|Any CPU
		Release|Any CPU = Release|Any CPU
	EndGlobalSection
	GlobalSection(ProjectConfigurationPlatforms) = postSolution
		{2B21359A-C512-4C2A-8E3F-8AEE21DA7487}.Debug|Any CPU.ActiveCfg = Debug|Any CPU
		{2B21359A-C512-4C2A-8E3F-8AEE21DA7487}.Debug|Any CPU.Build.0 = Debug|Any CPU
		{2B21359A-C512-4C2A-8E3F-8AEE21DA7487}.Release|Any CPU.ActiveCfg = Release|Any CPU
		{2B21359A-C512-4C2A-8E3F-8AEE21DA7487}.Release|Any CPU.Build.0 = Release|Any CPU
	EndGlobalSection
	GlobalSection(SolutionProperties) = preSolution
		HideSolutionNode = FALSE
	EndGlobalSection
EndGlobal
