
Microsoft Visual Studio Solution File, Format Version 11.00
# Visual Studio 2010
Project("{FAE04EC0-301F-11D3-BF4B-00C04F79EFBC}") = "FoodNameEquality", "FoodNameEquality\FoodNameEquality.csproj", "{4C1C51DE-AA46-413F-B2C2-784689ECBC49}"
EndProject
Global
	GlobalSection(SolutionConfigurationPlatforms) = preSolution
		Debug|x86 = Debug|x86
		Release|x86 = Release|x86
	EndGlobalSection
	GlobalSection(ProjectConfigurationPlatforms) = postSolution
		{4C1C51DE-AA46-413F-B2C2-784689ECBC49}.Debug|x86.ActiveCfg = Debug|x86
		{4C1C51DE-AA46-413F-B2C2-784689ECBC49}.Debug|x86.Build.0 = Debug|x86
		{4C1C51DE-AA46-413F-B2C2-784689ECBC49}.Release|x86.ActiveCfg = Release|x86
		{4C1C51DE-AA46-413F-B2C2-784689ECBC49}.Release|x86.Build.0 = Release|x86
	EndGlobalSection
	GlobalSection(SolutionProperties) = preSolution
		HideSolutionNode = FALSE
	EndGlobalSection
EndGlobal
