
Microsoft Visual Studio Solution File, Format Version 12.00
# Visual Studio 15
VisualStudioVersion = 15.0.26430.6
MinimumVisualStudioVersion = 10.0.40219.1
Project("{2150E333-8FDC-42A3-9474-1A3956D46DE8}") = "02_02", "02_02", "{94E06D0E-15E5-471C-836F-28BF538C5E15}"
EndProject
Project("{2150E333-8FDC-42A3-9474-1A3956D46DE8}") = "Begin", "Begin", "{26D1F531-E788-498D-883F-52BEE38004A9}"
EndProject
Project("{2150E333-8FDC-42A3-9474-1A3956D46DE8}") = "End", "End", "{4CF51BEB-457B-49C1-A691-28EA0F0149A5}"
EndProject
Project("{2150E333-8FDC-42A3-9474-1A3956D46DE8}") = "2. LinkedList", "2. LinkedList", "{AC0BA7B7-434A-4B27-AE22-F6229C4F5AF4}"
EndProject
Project("{2150E333-8FDC-42A3-9474-1A3956D46DE8}") = "02_03", "02_03", "{195B01BC-B046-48E3-9741-0338CE5B324F}"
EndProject
Project("{2150E333-8FDC-42A3-9474-1A3956D46DE8}") = "End", "End", "{9AFF97E2-34CF-474F-AC15-F34BE0268C21}"
EndProject
Project("{FAE04EC0-301F-11D3-BF4B-00C04F79EFBC}") = "LinkedList", "Ch02\02_03\End\LinkedList\LinkedList.csproj", "{3EA50F5B-0CDE-43E1-A4D1-F2EEEA05FB24}"
EndProject
Project("{2150E333-8FDC-42A3-9474-1A3956D46DE8}") = "3. Stack", "3. Stack", "{64503019-F65A-49CB-B14D-ABC62E8CD6E5}"
EndProject
Project("{2150E333-8FDC-42A3-9474-1A3956D46DE8}") = "4. Queue", "4. Queue", "{78D8BD33-DA4B-4D6D-BB41-66AADFE558BA}"
EndProject
Project("{2150E333-8FDC-42A3-9474-1A3956D46DE8}") = "5. Binary Search", "5. Binary Search", "{3D9C4DF5-76FA-4FFD-B57B-5B7B5DB0A21A}"
EndProject
Project("{2150E333-8FDC-42A3-9474-1A3956D46DE8}") = "03_02", "03_02", "{829A22B0-5B48-4358-A578-A057738DE9CB}"
EndProject
Project("{2150E333-8FDC-42A3-9474-1A3956D46DE8}") = "03_03", "03_03", "{F6FF8253-619E-4222-BB93-9115FC3D9320}"
EndProject
Project("{2150E333-8FDC-42A3-9474-1A3956D46DE8}") = "04_02", "04_02", "{A57E26D5-65FD-466C-A2E2-242B4CA05093}"
EndProject
Project("{2150E333-8FDC-42A3-9474-1A3956D46DE8}") = "04_03", "04_03", "{BBD77F75-C0F2-469F-B49A-65A76DA406A9}"
EndProject
Project("{2150E333-8FDC-42A3-9474-1A3956D46DE8}") = "05_02", "05_02", "{96FFE7EB-63F7-43E4-A858-A21ECAA9ED35}"
EndProject
Project("{2150E333-8FDC-42A3-9474-1A3956D46DE8}") = "05_03", "05_03", "{420942C1-33A9-4C2F-8501-37C3720F0911}"
EndProject
Project("{2150E333-8FDC-42A3-9474-1A3956D46DE8}") = "Begin", "Begin", "{F8104718-B67E-4E27-9C8A-05747377A8B7}"
EndProject
Project("{2150E333-8FDC-42A3-9474-1A3956D46DE8}") = "Begin", "Begin", "{A03B872D-7382-4564-AF76-D6976031B5A3}"
EndProject
Project("{2150E333-8FDC-42A3-9474-1A3956D46DE8}") = "Begin", "Begin", "{5CDD27B4-C591-49B2-88BA-66EA48669402}"
EndProject
Project("{2150E333-8FDC-42A3-9474-1A3956D46DE8}") = "End", "End", "{27C3F2D4-15DC-40CB-A81A-F42B788DBC54}"
EndProject
Project("{2150E333-8FDC-42A3-9474-1A3956D46DE8}") = "End", "End", "{B389B38B-E0CF-4528-AC26-C8A1770582DC}"
EndProject
Project("{2150E333-8FDC-42A3-9474-1A3956D46DE8}") = "End", "End", "{9AF94417-64FA-403D-838A-FA0A8E1BD686}"
EndProject
Project("{2150E333-8FDC-42A3-9474-1A3956D46DE8}") = "End", "End", "{7A9C1124-5D90-49BE-97D6-FDD2733FA733}"
EndProject
Project("{2150E333-8FDC-42A3-9474-1A3956D46DE8}") = "End", "End", "{6371F959-0741-4FA8-B1C3-26CC91844CEE}"
EndProject
Project("{2150E333-8FDC-42A3-9474-1A3956D46DE8}") = "End", "End", "{686EBEB1-0CE4-421A-A79A-8FA6BAF92234}"
EndProject
Project("{FAE04EC0-301F-11D3-BF4B-00C04F79EFBC}") = "Stack", "Ch03\03_02\End\Stack\Stack.csproj", "{1E833792-DABF-48BD-9CA7-E2E759103FE5}"
EndProject
Project("{FAE04EC0-301F-11D3-BF4B-00C04F79EFBC}") = "Queue", "Ch04\04_02\End\Queue\Queue.csproj", "{9C9141CE-2808-4C12-91D2-BA5AF51C0C9B}"
EndProject
Project("{FAE04EC0-301F-11D3-BF4B-00C04F79EFBC}") = "LinkedList", "Ch02\02_02\End\LinkedList\LinkedList.csproj", "{272F0434-FA8D-43F9-AD77-3C4A5A20E9F6}"
EndProject
Project("{FAE04EC0-301F-11D3-BF4B-00C04F79EFBC}") = "LinkedList", "Ch02\02_02\Begin\LinkedList\LinkedList.csproj", "{2CD6DE07-D810-4628-AE8D-039C8D2B1022}"
EndProject
Project("{FAE04EC0-301F-11D3-BF4B-00C04F79EFBC}") = "Stack", "Ch03\03_02\Begin\Stack\Stack.csproj", "{42EE9181-0B7D-445C-A9A5-C0B5A3F7E0DA}"
EndProject
Project("{FAE04EC0-301F-11D3-BF4B-00C04F79EFBC}") = "Queue", "Ch04\04_02\Begin\Queue\Queue.csproj", "{BD904CC2-824E-4AF7-92A9-C320D58B6EEE}"
EndProject
Project("{FAE04EC0-301F-11D3-BF4B-00C04F79EFBC}") = "BinarySearch", "Ch05\05_03\End\BinarySearch\BinarySearch.csproj", "{9281E352-B99D-46E2-87D5-BFD066126B9F}"
EndProject
Project("{FAE04EC0-301F-11D3-BF4B-00C04F79EFBC}") = "StackDemo", "Ch03\03_03\End\StackDemo\StackDemo.csproj", "{5B3F4ACB-4D49-4D0E-AC1B-A05BB2259AF8}"
EndProject
Project("{FAE04EC0-301F-11D3-BF4B-00C04F79EFBC}") = "Queue", "Ch04\04_03\End\QueueDemo\Queue.csproj", "{C5B29395-CC34-40DB-81E7-90B9129A17E6}"
EndProject
Project("{2150E333-8FDC-42A3-9474-1A3956D46DE8}") = "02_04", "02_04", "{E591E004-5E35-40E3-A554-F3947524C883}"
EndProject
Project("{2150E333-8FDC-42A3-9474-1A3956D46DE8}") = "End", "End", "{FA148BE8-52E2-4E67-831B-841C1F6C63DC}"
EndProject
Project("{FAE04EC0-301F-11D3-BF4B-00C04F79EFBC}") = "LinkedList", "Ch02\02_04\End\LinkedList\LinkedList.csproj", "{72B88ADD-571A-4260-9268-969DB9B62355}"
EndProject
Project("{2150E333-8FDC-42A3-9474-1A3956D46DE8}") = "Begin", "Begin", "{C05A6175-F0B9-48AC-8496-94E4EE276C95}"
EndProject
Project("{FAE04EC0-301F-11D3-BF4B-00C04F79EFBC}") = "LinkedList", "Ch02\02_03\Begin\LinkedList\LinkedList.csproj", "{420EEF7A-0E8A-4B03-9A4A-ED379F53647E}"
EndProject
Project("{2150E333-8FDC-42A3-9474-1A3956D46DE8}") = "Begin", "Begin", "{68A965DF-A59B-4ACE-A665-4B03FB834659}"
EndProject
Project("{FAE04EC0-301F-11D3-BF4B-00C04F79EFBC}") = "Stack", "Ch03\03_03\Begin\Stack\Stack.csproj", "{02CC5AA1-B84E-42E7-9BE9-C0F4A5A7D8DB}"
EndProject
Project("{2150E333-8FDC-42A3-9474-1A3956D46DE8}") = "03_04", "03_04", "{C896F53C-7AD2-4E3B-ADA0-5FC803F00504}"
EndProject
Project("{2150E333-8FDC-42A3-9474-1A3956D46DE8}") = "End", "End", "{7BBC06F7-5D14-4A5E-B44E-2C3913ED4B37}"
EndProject
Project("{FAE04EC0-301F-11D3-BF4B-00C04F79EFBC}") = "StackDemo", "Ch03\03_04\End\StackDemo\StackDemo.csproj", "{3B656E22-D309-47BD-99D2-F518B49EFF26}"
EndProject
Project("{2150E333-8FDC-42A3-9474-1A3956D46DE8}") = "04_04", "04_04", "{92831399-1A94-44C4-92E1-B0F8FA4723F1}"
EndProject
Project("{2150E333-8FDC-42A3-9474-1A3956D46DE8}") = "End", "End", "{969D60AC-4BEF-4BFD-B308-7846F8FDBBC1}"
EndProject
Project("{FAE04EC0-301F-11D3-BF4B-00C04F79EFBC}") = "Queue", "Ch04\04_04\End\QueueDemo\Queue.csproj", "{3D6B2F4C-E380-43E0-B58C-FBEADC89A9C8}"
EndProject
Project("{2150E333-8FDC-42A3-9474-1A3956D46DE8}") = "Begin", "Begin", "{12D2A2C8-C9E9-46BC-98DC-16F490E854DF}"
EndProject
Project("{FAE04EC0-301F-11D3-BF4B-00C04F79EFBC}") = "Queue", "Ch04\04_03\Begin\QueueDemo\Queue.csproj", "{311B045A-298A-4E84-A21D-2C1F454284FE}"
EndProject
Project("{FAE04EC0-301F-11D3-BF4B-00C04F79EFBC}") = "BinarySearch", "Ch05\05_02\Begin\BinarySearch\BinarySearch.csproj", "{2E349E3F-0190-4F88-A83C-5EE601514E5F}"
EndProject
Project("{FAE04EC0-301F-11D3-BF4B-00C04F79EFBC}") = "BinarySearch", "Ch05\05_02\End\BinarySearch\BinarySearch.csproj", "{601555DC-850C-46C1-A620-1E2645C78F57}"
EndProject
Project("{2150E333-8FDC-42A3-9474-1A3956D46DE8}") = "6. Linear Search", "6. Linear Search", "{3098354F-AB85-4CEB-B0AF-9695195E8B0F}"
EndProject
Project("{2150E333-8FDC-42A3-9474-1A3956D46DE8}") = "06_02", "06_02", "{B7E27828-C04D-47D0-85C5-11AFB14BE18D}"
EndProject
Project("{2150E333-8FDC-42A3-9474-1A3956D46DE8}") = "06_03", "06_03", "{B5636D14-30EE-4583-A26A-3B410317779C}"
EndProject
Project("{2150E333-8FDC-42A3-9474-1A3956D46DE8}") = "Begin", "Begin", "{E4102909-6A1A-4024-890F-ADDFF24F2C4D}"
EndProject
Project("{2150E333-8FDC-42A3-9474-1A3956D46DE8}") = "End", "End", "{14E45B26-4FD2-49BD-8380-F65A1845EDD6}"
EndProject
Project("{2150E333-8FDC-42A3-9474-1A3956D46DE8}") = "End", "End", "{15975D50-59E9-4ADE-A109-E1D38E88B3B9}"
EndProject
Project("{FAE04EC0-301F-11D3-BF4B-00C04F79EFBC}") = "LinearSearch", "Ch06\06_02\Begin\LinearSearch\LinearSearch.csproj", "{46ECEDFB-F363-4F77-8DF6-065DD38E081F}"
EndProject
Project("{FAE04EC0-301F-11D3-BF4B-00C04F79EFBC}") = "LinearSearch", "Ch06\06_02\End\LinearSearch\LinearSearch.csproj", "{C845818A-DF87-4E6E-9982-699EB0A309F4}"
EndProject
Project("{FAE04EC0-301F-11D3-BF4B-00C04F79EFBC}") = "LinearSearch", "Ch06\06_03\End\LinearSearch\LinearSearch.csproj", "{564DE616-B7A0-48F0-A011-8C8B39F82EE9}"
EndProject
Global
	GlobalSection(SolutionConfigurationPlatforms) = preSolution
		Debug|Any CPU = Debug|Any CPU
		Release|Any CPU = Release|Any CPU
	EndGlobalSection
	GlobalSection(ProjectConfigurationPlatforms) = postSolution
		{3EA50F5B-0CDE-43E1-A4D1-F2EEEA05FB24}.Debug|Any CPU.ActiveCfg = Debug|Any CPU
		{3EA50F5B-0CDE-43E1-A4D1-F2EEEA05FB24}.Debug|Any CPU.Build.0 = Debug|Any CPU
		{3EA50F5B-0CDE-43E1-A4D1-F2EEEA05FB24}.Release|Any CPU.ActiveCfg = Release|Any CPU
		{3EA50F5B-0CDE-43E1-A4D1-F2EEEA05FB24}.Release|Any CPU.Build.0 = Release|Any CPU
		{1E833792-DABF-48BD-9CA7-E2E759103FE5}.Debug|Any CPU.ActiveCfg = Debug|Any CPU
		{1E833792-DABF-48BD-9CA7-E2E759103FE5}.Debug|Any CPU.Build.0 = Debug|Any CPU
		{1E833792-DABF-48BD-9CA7-E2E759103FE5}.Release|Any CPU.ActiveCfg = Release|Any CPU
		{1E833792-DABF-48BD-9CA7-E2E759103FE5}.Release|Any CPU.Build.0 = Release|Any CPU
		{9C9141CE-2808-4C12-91D2-BA5AF51C0C9B}.Debug|Any CPU.ActiveCfg = Debug|Any CPU
		{9C9141CE-2808-4C12-91D2-BA5AF51C0C9B}.Debug|Any CPU.Build.0 = Debug|Any CPU
		{9C9141CE-2808-4C12-91D2-BA5AF51C0C9B}.Release|Any CPU.ActiveCfg = Release|Any CPU
		{9C9141CE-2808-4C12-91D2-BA5AF51C0C9B}.Release|Any CPU.Build.0 = Release|Any CPU
		{272F0434-FA8D-43F9-AD77-3C4A5A20E9F6}.Debug|Any CPU.ActiveCfg = Debug|Any CPU
		{272F0434-FA8D-43F9-AD77-3C4A5A20E9F6}.Debug|Any CPU.Build.0 = Debug|Any CPU
		{272F0434-FA8D-43F9-AD77-3C4A5A20E9F6}.Release|Any CPU.ActiveCfg = Release|Any CPU
		{272F0434-FA8D-43F9-AD77-3C4A5A20E9F6}.Release|Any CPU.Build.0 = Release|Any CPU
		{2CD6DE07-D810-4628-AE8D-039C8D2B1022}.Debug|Any CPU.ActiveCfg = Debug|Any CPU
		{2CD6DE07-D810-4628-AE8D-039C8D2B1022}.Debug|Any CPU.Build.0 = Debug|Any CPU
		{2CD6DE07-D810-4628-AE8D-039C8D2B1022}.Release|Any CPU.ActiveCfg = Release|Any CPU
		{2CD6DE07-D810-4628-AE8D-039C8D2B1022}.Release|Any CPU.Build.0 = Release|Any CPU
		{42EE9181-0B7D-445C-A9A5-C0B5A3F7E0DA}.Debug|Any CPU.ActiveCfg = Debug|Any CPU
		{42EE9181-0B7D-445C-A9A5-C0B5A3F7E0DA}.Debug|Any CPU.Build.0 = Debug|Any CPU
		{42EE9181-0B7D-445C-A9A5-C0B5A3F7E0DA}.Release|Any CPU.ActiveCfg = Release|Any CPU
		{42EE9181-0B7D-445C-A9A5-C0B5A3F7E0DA}.Release|Any CPU.Build.0 = Release|Any CPU
		{BD904CC2-824E-4AF7-92A9-C320D58B6EEE}.Debug|Any CPU.ActiveCfg = Debug|Any CPU
		{BD904CC2-824E-4AF7-92A9-C320D58B6EEE}.Debug|Any CPU.Build.0 = Debug|Any CPU
		{BD904CC2-824E-4AF7-92A9-C320D58B6EEE}.Release|Any CPU.ActiveCfg = Release|Any CPU
		{BD904CC2-824E-4AF7-92A9-C320D58B6EEE}.Release|Any CPU.Build.0 = Release|Any CPU
		{9281E352-B99D-46E2-87D5-BFD066126B9F}.Debug|Any CPU.ActiveCfg = Debug|Any CPU
		{9281E352-B99D-46E2-87D5-BFD066126B9F}.Debug|Any CPU.Build.0 = Debug|Any CPU
		{9281E352-B99D-46E2-87D5-BFD066126B9F}.Release|Any CPU.ActiveCfg = Release|Any CPU
		{9281E352-B99D-46E2-87D5-BFD066126B9F}.Release|Any CPU.Build.0 = Release|Any CPU
		{5B3F4ACB-4D49-4D0E-AC1B-A05BB2259AF8}.Debug|Any CPU.ActiveCfg = Debug|Any CPU
		{5B3F4ACB-4D49-4D0E-AC1B-A05BB2259AF8}.Debug|Any CPU.Build.0 = Debug|Any CPU
		{5B3F4ACB-4D49-4D0E-AC1B-A05BB2259AF8}.Release|Any CPU.ActiveCfg = Release|Any CPU
		{5B3F4ACB-4D49-4D0E-AC1B-A05BB2259AF8}.Release|Any CPU.Build.0 = Release|Any CPU
		{C5B29395-CC34-40DB-81E7-90B9129A17E6}.Debug|Any CPU.ActiveCfg = Debug|Any CPU
		{C5B29395-CC34-40DB-81E7-90B9129A17E6}.Debug|Any CPU.Build.0 = Debug|Any CPU
		{C5B29395-CC34-40DB-81E7-90B9129A17E6}.Release|Any CPU.ActiveCfg = Release|Any CPU
		{C5B29395-CC34-40DB-81E7-90B9129A17E6}.Release|Any CPU.Build.0 = Release|Any CPU
		{72B88ADD-571A-4260-9268-969DB9B62355}.Debug|Any CPU.ActiveCfg = Debug|Any CPU
		{72B88ADD-571A-4260-9268-969DB9B62355}.Debug|Any CPU.Build.0 = Debug|Any CPU
		{72B88ADD-571A-4260-9268-969DB9B62355}.Release|Any CPU.ActiveCfg = Release|Any CPU
		{72B88ADD-571A-4260-9268-969DB9B62355}.Release|Any CPU.Build.0 = Release|Any CPU
		{420EEF7A-0E8A-4B03-9A4A-ED379F53647E}.Debug|Any CPU.ActiveCfg = Debug|Any CPU
		{420EEF7A-0E8A-4B03-9A4A-ED379F53647E}.Debug|Any CPU.Build.0 = Debug|Any CPU
		{420EEF7A-0E8A-4B03-9A4A-ED379F53647E}.Release|Any CPU.ActiveCfg = Release|Any CPU
		{420EEF7A-0E8A-4B03-9A4A-ED379F53647E}.Release|Any CPU.Build.0 = Release|Any CPU
		{02CC5AA1-B84E-42E7-9BE9-C0F4A5A7D8DB}.Debug|Any CPU.ActiveCfg = Debug|Any CPU
		{02CC5AA1-B84E-42E7-9BE9-C0F4A5A7D8DB}.Debug|Any CPU.Build.0 = Debug|Any CPU
		{02CC5AA1-B84E-42E7-9BE9-C0F4A5A7D8DB}.Release|Any CPU.ActiveCfg = Release|Any CPU
		{02CC5AA1-B84E-42E7-9BE9-C0F4A5A7D8DB}.Release|Any CPU.Build.0 = Release|Any CPU
		{3B656E22-D309-47BD-99D2-F518B49EFF26}.Debug|Any CPU.ActiveCfg = Debug|Any CPU
		{3B656E22-D309-47BD-99D2-F518B49EFF26}.Debug|Any CPU.Build.0 = Debug|Any CPU
		{3B656E22-D309-47BD-99D2-F518B49EFF26}.Release|Any CPU.ActiveCfg = Release|Any CPU
		{3B656E22-D309-47BD-99D2-F518B49EFF26}.Release|Any CPU.Build.0 = Release|Any CPU
		{3D6B2F4C-E380-43E0-B58C-FBEADC89A9C8}.Debug|Any CPU.ActiveCfg = Debug|Any CPU
		{3D6B2F4C-E380-43E0-B58C-FBEADC89A9C8}.Debug|Any CPU.Build.0 = Debug|Any CPU
		{3D6B2F4C-E380-43E0-B58C-FBEADC89A9C8}.Release|Any CPU.ActiveCfg = Release|Any CPU
		{3D6B2F4C-E380-43E0-B58C-FBEADC89A9C8}.Release|Any CPU.Build.0 = Release|Any CPU
		{311B045A-298A-4E84-A21D-2C1F454284FE}.Debug|Any CPU.ActiveCfg = Debug|Any CPU
		{311B045A-298A-4E84-A21D-2C1F454284FE}.Debug|Any CPU.Build.0 = Debug|Any CPU
		{311B045A-298A-4E84-A21D-2C1F454284FE}.Release|Any CPU.ActiveCfg = Release|Any CPU
		{311B045A-298A-4E84-A21D-2C1F454284FE}.Release|Any CPU.Build.0 = Release|Any CPU
		{2E349E3F-0190-4F88-A83C-5EE601514E5F}.Debug|Any CPU.ActiveCfg = Debug|Any CPU
		{2E349E3F-0190-4F88-A83C-5EE601514E5F}.Debug|Any CPU.Build.0 = Debug|Any CPU
		{2E349E3F-0190-4F88-A83C-5EE601514E5F}.Release|Any CPU.ActiveCfg = Release|Any CPU
		{2E349E3F-0190-4F88-A83C-5EE601514E5F}.Release|Any CPU.Build.0 = Release|Any CPU
		{601555DC-850C-46C1-A620-1E2645C78F57}.Debug|Any CPU.ActiveCfg = Debug|Any CPU
		{601555DC-850C-46C1-A620-1E2645C78F57}.Debug|Any CPU.Build.0 = Debug|Any CPU
		{601555DC-850C-46C1-A620-1E2645C78F57}.Release|Any CPU.ActiveCfg = Release|Any CPU
		{601555DC-850C-46C1-A620-1E2645C78F57}.Release|Any CPU.Build.0 = Release|Any CPU
		{46ECEDFB-F363-4F77-8DF6-065DD38E081F}.Debug|Any CPU.ActiveCfg = Debug|Any CPU
		{46ECEDFB-F363-4F77-8DF6-065DD38E081F}.Debug|Any CPU.Build.0 = Debug|Any CPU
		{46ECEDFB-F363-4F77-8DF6-065DD38E081F}.Release|Any CPU.ActiveCfg = Release|Any CPU
		{46ECEDFB-F363-4F77-8DF6-065DD38E081F}.Release|Any CPU.Build.0 = Release|Any CPU
		{C845818A-DF87-4E6E-9982-699EB0A309F4}.Debug|Any CPU.ActiveCfg = Debug|Any CPU
		{C845818A-DF87-4E6E-9982-699EB0A309F4}.Debug|Any CPU.Build.0 = Debug|Any CPU
		{C845818A-DF87-4E6E-9982-699EB0A309F4}.Release|Any CPU.ActiveCfg = Release|Any CPU
		{C845818A-DF87-4E6E-9982-699EB0A309F4}.Release|Any CPU.Build.0 = Release|Any CPU
		{564DE616-B7A0-48F0-A011-8C8B39F82EE9}.Debug|Any CPU.ActiveCfg = Debug|Any CPU
		{564DE616-B7A0-48F0-A011-8C8B39F82EE9}.Debug|Any CPU.Build.0 = Debug|Any CPU
		{564DE616-B7A0-48F0-A011-8C8B39F82EE9}.Release|Any CPU.ActiveCfg = Release|Any CPU
		{564DE616-B7A0-48F0-A011-8C8B39F82EE9}.Release|Any CPU.Build.0 = Release|Any CPU
	EndGlobalSection
	GlobalSection(SolutionProperties) = preSolution
		HideSolutionNode = FALSE
	EndGlobalSection
	GlobalSection(NestedProjects) = preSolution
		{94E06D0E-15E5-471C-836F-28BF538C5E15} = {AC0BA7B7-434A-4B27-AE22-F6229C4F5AF4}
		{26D1F531-E788-498D-883F-52BEE38004A9} = {94E06D0E-15E5-471C-836F-28BF538C5E15}
		{4CF51BEB-457B-49C1-A691-28EA0F0149A5} = {94E06D0E-15E5-471C-836F-28BF538C5E15}
		{195B01BC-B046-48E3-9741-0338CE5B324F} = {AC0BA7B7-434A-4B27-AE22-F6229C4F5AF4}
		{9AFF97E2-34CF-474F-AC15-F34BE0268C21} = {195B01BC-B046-48E3-9741-0338CE5B324F}
		{3EA50F5B-0CDE-43E1-A4D1-F2EEEA05FB24} = {9AFF97E2-34CF-474F-AC15-F34BE0268C21}
		{829A22B0-5B48-4358-A578-A057738DE9CB} = {64503019-F65A-49CB-B14D-ABC62E8CD6E5}
		{F6FF8253-619E-4222-BB93-9115FC3D9320} = {64503019-F65A-49CB-B14D-ABC62E8CD6E5}
		{A57E26D5-65FD-466C-A2E2-242B4CA05093} = {78D8BD33-DA4B-4D6D-BB41-66AADFE558BA}
		{BBD77F75-C0F2-469F-B49A-65A76DA406A9} = {78D8BD33-DA4B-4D6D-BB41-66AADFE558BA}
		{96FFE7EB-63F7-43E4-A858-A21ECAA9ED35} = {3D9C4DF5-76FA-4FFD-B57B-5B7B5DB0A21A}
		{420942C1-33A9-4C2F-8501-37C3720F0911} = {3D9C4DF5-76FA-4FFD-B57B-5B7B5DB0A21A}
		{F8104718-B67E-4E27-9C8A-05747377A8B7} = {829A22B0-5B48-4358-A578-A057738DE9CB}
		{A03B872D-7382-4564-AF76-D6976031B5A3} = {A57E26D5-65FD-466C-A2E2-242B4CA05093}
		{5CDD27B4-C591-49B2-88BA-66EA48669402} = {96FFE7EB-63F7-43E4-A858-A21ECAA9ED35}
		{27C3F2D4-15DC-40CB-A81A-F42B788DBC54} = {420942C1-33A9-4C2F-8501-37C3720F0911}
		{B389B38B-E0CF-4528-AC26-C8A1770582DC} = {96FFE7EB-63F7-43E4-A858-A21ECAA9ED35}
		{9AF94417-64FA-403D-838A-FA0A8E1BD686} = {BBD77F75-C0F2-469F-B49A-65A76DA406A9}
		{7A9C1124-5D90-49BE-97D6-FDD2733FA733} = {A57E26D5-65FD-466C-A2E2-242B4CA05093}
		{6371F959-0741-4FA8-B1C3-26CC91844CEE} = {F6FF8253-619E-4222-BB93-9115FC3D9320}
		{686EBEB1-0CE4-421A-A79A-8FA6BAF92234} = {829A22B0-5B48-4358-A578-A057738DE9CB}
		{1E833792-DABF-48BD-9CA7-E2E759103FE5} = {686EBEB1-0CE4-421A-A79A-8FA6BAF92234}
		{9C9141CE-2808-4C12-91D2-BA5AF51C0C9B} = {7A9C1124-5D90-49BE-97D6-FDD2733FA733}
		{272F0434-FA8D-43F9-AD77-3C4A5A20E9F6} = {4CF51BEB-457B-49C1-A691-28EA0F0149A5}
		{2CD6DE07-D810-4628-AE8D-039C8D2B1022} = {26D1F531-E788-498D-883F-52BEE38004A9}
		{42EE9181-0B7D-445C-A9A5-C0B5A3F7E0DA} = {F8104718-B67E-4E27-9C8A-05747377A8B7}
		{BD904CC2-824E-4AF7-92A9-C320D58B6EEE} = {A03B872D-7382-4564-AF76-D6976031B5A3}
		{9281E352-B99D-46E2-87D5-BFD066126B9F} = {27C3F2D4-15DC-40CB-A81A-F42B788DBC54}
		{5B3F4ACB-4D49-4D0E-AC1B-A05BB2259AF8} = {6371F959-0741-4FA8-B1C3-26CC91844CEE}
		{C5B29395-CC34-40DB-81E7-90B9129A17E6} = {9AF94417-64FA-403D-838A-FA0A8E1BD686}
		{E591E004-5E35-40E3-A554-F3947524C883} = {AC0BA7B7-434A-4B27-AE22-F6229C4F5AF4}
		{FA148BE8-52E2-4E67-831B-841C1F6C63DC} = {E591E004-5E35-40E3-A554-F3947524C883}
		{72B88ADD-571A-4260-9268-969DB9B62355} = {FA148BE8-52E2-4E67-831B-841C1F6C63DC}
		{C05A6175-F0B9-48AC-8496-94E4EE276C95} = {195B01BC-B046-48E3-9741-0338CE5B324F}
		{420EEF7A-0E8A-4B03-9A4A-ED379F53647E} = {C05A6175-F0B9-48AC-8496-94E4EE276C95}
		{68A965DF-A59B-4ACE-A665-4B03FB834659} = {F6FF8253-619E-4222-BB93-9115FC3D9320}
		{02CC5AA1-B84E-42E7-9BE9-C0F4A5A7D8DB} = {68A965DF-A59B-4ACE-A665-4B03FB834659}
		{C896F53C-7AD2-4E3B-ADA0-5FC803F00504} = {64503019-F65A-49CB-B14D-ABC62E8CD6E5}
		{7BBC06F7-5D14-4A5E-B44E-2C3913ED4B37} = {C896F53C-7AD2-4E3B-ADA0-5FC803F00504}
		{3B656E22-D309-47BD-99D2-F518B49EFF26} = {7BBC06F7-5D14-4A5E-B44E-2C3913ED4B37}
		{92831399-1A94-44C4-92E1-B0F8FA4723F1} = {78D8BD33-DA4B-4D6D-BB41-66AADFE558BA}
		{969D60AC-4BEF-4BFD-B308-7846F8FDBBC1} = {92831399-1A94-44C4-92E1-B0F8FA4723F1}
		{3D6B2F4C-E380-43E0-B58C-FBEADC89A9C8} = {969D60AC-4BEF-4BFD-B308-7846F8FDBBC1}
		{12D2A2C8-C9E9-46BC-98DC-16F490E854DF} = {BBD77F75-C0F2-469F-B49A-65A76DA406A9}
		{311B045A-298A-4E84-A21D-2C1F454284FE} = {12D2A2C8-C9E9-46BC-98DC-16F490E854DF}
		{2E349E3F-0190-4F88-A83C-5EE601514E5F} = {5CDD27B4-C591-49B2-88BA-66EA48669402}
		{601555DC-850C-46C1-A620-1E2645C78F57} = {B389B38B-E0CF-4528-AC26-C8A1770582DC}
		{B7E27828-C04D-47D0-85C5-11AFB14BE18D} = {3098354F-AB85-4CEB-B0AF-9695195E8B0F}
		{B5636D14-30EE-4583-A26A-3B410317779C} = {3098354F-AB85-4CEB-B0AF-9695195E8B0F}
		{E4102909-6A1A-4024-890F-ADDFF24F2C4D} = {B7E27828-C04D-47D0-85C5-11AFB14BE18D}
		{14E45B26-4FD2-49BD-8380-F65A1845EDD6} = {B7E27828-C04D-47D0-85C5-11AFB14BE18D}
		{15975D50-59E9-4ADE-A109-E1D38E88B3B9} = {B5636D14-30EE-4583-A26A-3B410317779C}
		{46ECEDFB-F363-4F77-8DF6-065DD38E081F} = {E4102909-6A1A-4024-890F-ADDFF24F2C4D}
		{C845818A-DF87-4E6E-9982-699EB0A309F4} = {14E45B26-4FD2-49BD-8380-F65A1845EDD6}
		{564DE616-B7A0-48F0-A011-8C8B39F82EE9} = {15975D50-59E9-4ADE-A109-E1D38E88B3B9}
	EndGlobalSection
EndGlobal
