
Microsoft Visual Studio Solution File, Format Version 12.00
# Visual Studio 2012
Project("{FAE04EC0-301F-11D3-BF4B-00C04F79EFBC}") = "02-07-06", "02-07-06\02-07-06.csproj", "{8ADE020F-1954-47B7-88F2-611CC7899DCD}"
EndProject
Global
	GlobalSection(SolutionConfigurationPlatforms) = preSolution
		Debug|Any CPU = Debug|Any CPU
		Release|Any CPU = Release|Any CPU
	EndGlobalSection
	GlobalSection(ProjectConfigurationPlatforms) = postSolution
		{8ADE020F-1954-47B7-88F2-611CC7899DCD}.Debug|Any CPU.ActiveCfg = Debug|Any CPU
		{8ADE020F-1954-47B7-88F2-611CC7899DCD}.Debug|Any CPU.Build.0 = Debug|Any CPU
		{8ADE020F-1954-47B7-88F2-611CC7899DCD}.Release|Any CPU.ActiveCfg = Release|Any CPU
		{8ADE020F-1954-47B7-88F2-611CC7899DCD}.Release|Any CPU.Build.0 = Release|Any CPU
	EndGlobalSection
	GlobalSection(SolutionProperties) = preSolution
		HideSolutionNode = FALSE
	EndGlobalSection
EndGlobal
