
Microsoft Visual Studio Solution File, Format Version 12.00
# Visual Studio 2013
VisualStudioVersion = 12.0.30110.0
MinimumVisualStudioVersion = 10.0.40219.1
Project("{FAE04EC0-301F-11D3-BF4B-00C04F79EFBC}") = "ToLower_ex", "ToLower_ex\ToLower_ex.csproj", "{7D3EAFC2-5B8E-41D5-9034-614312FAC38F}"
EndProject
Global
	GlobalSection(SolutionConfigurationPlatforms) = preSolution
		Debug|Any CPU = Debug|Any CPU
		Release|Any CPU = Release|Any CPU
	EndGlobalSection
	GlobalSection(ProjectConfigurationPlatforms) = postSolution
		{7D3EAFC2-5B8E-41D5-9034-614312FAC38F}.Debug|Any CPU.ActiveCfg = Debug|Any CPU
		{7D3EAFC2-5B8E-41D5-9034-614312FAC38F}.Debug|Any CPU.Build.0 = Debug|Any CPU
		{7D3EAFC2-5B8E-41D5-9034-614312FAC38F}.Release|Any CPU.ActiveCfg = Release|Any CPU
		{7D3EAFC2-5B8E-41D5-9034-614312FAC38F}.Release|Any CPU.Build.0 = Release|Any CPU
	EndGlobalSection
	GlobalSection(SolutionProperties) = preSolution
		HideSolutionNode = FALSE
	EndGlobalSection
EndGlobal
