
Microsoft Visual Studio Solution File, Format Version 12.00
# Visual Studio 2012
Project("{FAE04EC0-301F-11D3-BF4B-00C04F79EFBC}") = "Simple", "Simple\Simple.csproj", "{50E650B5-8E8A-462A-8BF8-DBADF56C623D}"
EndProject
Global
	GlobalSection(SolutionConfigurationPlatforms) = preSolution
		Debug|Any CPU = Debug|Any CPU
		Release|Any CPU = Release|Any CPU
	EndGlobalSection
	GlobalSection(ProjectConfigurationPlatforms) = postSolution
		{50E650B5-8E8A-462A-8BF8-DBADF56C623D}.Debug|Any CPU.ActiveCfg = Debug|Any CPU
		{50E650B5-8E8A-462A-8BF8-DBADF56C623D}.Debug|Any CPU.Build.0 = Debug|Any CPU
		{50E650B5-8E8A-462A-8BF8-DBADF56C623D}.Release|Any CPU.ActiveCfg = Release|Any CPU
		{50E650B5-8E8A-462A-8BF8-DBADF56C623D}.Release|Any CPU.Build.0 = Release|Any CPU
	EndGlobalSection
	GlobalSection(SolutionProperties) = preSolution
		HideSolutionNode = FALSE
	EndGlobalSection
EndGlobal
