
Microsoft Visual Studio Solution File, Format Version 11.00
# Visual Studio 2010
Project("{FAE04EC0-301F-11D3-BF4B-00C04F79EFBC}") = "ValueTypeEquality", "ValueTypeEquality\ValueTypeEquality.csproj", "{11FA34B2-DEA9-4155-ACC6-6BA5DF02AE28}"
EndProject
Global
	GlobalSection(SolutionConfigurationPlatforms) = preSolution
		Debug|x86 = Debug|x86
		Release|x86 = Release|x86
	EndGlobalSection
	GlobalSection(ProjectConfigurationPlatforms) = postSolution
		{11FA34B2-DEA9-4155-ACC6-6BA5DF02AE28}.Debug|x86.ActiveCfg = Debug|x86
		{11FA34B2-DEA9-4155-ACC6-6BA5DF02AE28}.Debug|x86.Build.0 = Debug|x86
		{11FA34B2-DEA9-4155-ACC6-6BA5DF02AE28}.Release|x86.ActiveCfg = Release|x86
		{11FA34B2-DEA9-4155-ACC6-6BA5DF02AE28}.Release|x86.Build.0 = Release|x86
	EndGlobalSection
	GlobalSection(SolutionProperties) = preSolution
		HideSolutionNode = FALSE
	EndGlobalSection
EndGlobal
