
Microsoft Visual Studio Solution File, Format Version 12.00
# Visual Studio 2013
VisualStudioVersion = 12.0.30324.0
MinimumVisualStudioVersion = 10.0.40219.1
Project("{FAE04EC0-301F-11D3-BF4B-00C04F79EFBC}") = "NoPIADemo", "NoPIADemo\NoPIADemo.csproj", "{BF2BF1F2-C2A5-4180-A866-6ABBA49FE8C7}"
EndProject
Project("{FAE04EC0-301F-11D3-BF4B-00C04F79EFBC}") = "Lib1", "Lib1\Lib1.csproj", "{C08FBEB3-334F-4B88-B33D-02F4218A293B}"
EndProject
Project("{FAE04EC0-301F-11D3-BF4B-00C04F79EFBC}") = "Lib2", "Lib2\Lib2.csproj", "{A2AB9A70-0B11-4D82-8A7E-29D8A1600946}"
EndProject
Global
	GlobalSection(SolutionConfigurationPlatforms) = preSolution
		Debug|Any CPU = Debug|Any CPU
		Release|Any CPU = Release|Any CPU
	EndGlobalSection
	GlobalSection(ProjectConfigurationPlatforms) = postSolution
		{BF2BF1F2-C2A5-4180-A866-6ABBA49FE8C7}.Debug|Any CPU.ActiveCfg = Debug|Any CPU
		{BF2BF1F2-C2A5-4180-A866-6ABBA49FE8C7}.Debug|Any CPU.Build.0 = Debug|Any CPU
		{BF2BF1F2-C2A5-4180-A866-6ABBA49FE8C7}.Release|Any CPU.ActiveCfg = Release|Any CPU
		{BF2BF1F2-C2A5-4180-A866-6ABBA49FE8C7}.Release|Any CPU.Build.0 = Release|Any CPU
		{C08FBEB3-334F-4B88-B33D-02F4218A293B}.Debug|Any CPU.ActiveCfg = Debug|Any CPU
		{C08FBEB3-334F-4B88-B33D-02F4218A293B}.Debug|Any CPU.Build.0 = Debug|Any CPU
		{C08FBEB3-334F-4B88-B33D-02F4218A293B}.Release|Any CPU.ActiveCfg = Release|Any CPU
		{C08FBEB3-334F-4B88-B33D-02F4218A293B}.Release|Any CPU.Build.0 = Release|Any CPU
		{A2AB9A70-0B11-4D82-8A7E-29D8A1600946}.Debug|Any CPU.ActiveCfg = Debug|Any CPU
		{A2AB9A70-0B11-4D82-8A7E-29D8A1600946}.Debug|Any CPU.Build.0 = Debug|Any CPU
		{A2AB9A70-0B11-4D82-8A7E-29D8A1600946}.Release|Any CPU.ActiveCfg = Release|Any CPU
		{A2AB9A70-0B11-4D82-8A7E-29D8A1600946}.Release|Any CPU.Build.0 = Release|Any CPU
	EndGlobalSection
	GlobalSection(SolutionProperties) = preSolution
		HideSolutionNode = FALSE
	EndGlobalSection
EndGlobal
