
Microsoft Visual Studio Solution File, Format Version 12.00
# Visual Studio 2012
Project("{FAE04EC0-301F-11D3-BF4B-00C04F79EFBC}") = "03-08-01", "03-08-01\03-08-01.csproj", "{1A4F70D4-3DDB-47D4-AE88-910A5938BCC7}"
EndProject
Global
	GlobalSection(SolutionConfigurationPlatforms) = preSolution
		Debug|Any CPU = Debug|Any CPU
		Release|Any CPU = Release|Any CPU
	EndGlobalSection
	GlobalSection(ProjectConfigurationPlatforms) = postSolution
		{1A4F70D4-3DDB-47D4-AE88-910A5938BCC7}.Debug|Any CPU.ActiveCfg = Debug|Any CPU
		{1A4F70D4-3DDB-47D4-AE88-910A5938BCC7}.Debug|Any CPU.Build.0 = Debug|Any CPU
		{1A4F70D4-3DDB-47D4-AE88-910A5938BCC7}.Release|Any CPU.ActiveCfg = Release|Any CPU
		{1A4F70D4-3DDB-47D4-AE88-910A5938BCC7}.Release|Any CPU.Build.0 = Release|Any CPU
	EndGlobalSection
	GlobalSection(SolutionProperties) = preSolution
		HideSolutionNode = FALSE
	EndGlobalSection
EndGlobal
