
Microsoft Visual Studio Solution File, Format Version 10.00
# Visual Studio 2008
Project("{FAE04EC0-301F-11D3-BF4B-00C04F79EFBC}") = "WindowsFormsHostApp", "WindowsFormsHostApp\WindowsFormsHostApp.csproj", "{3B60BBC0-E98D-4901-9C59-35DD1254FE16}"
EndProject
Project("{FAE04EC0-301F-11D3-BF4B-00C04F79EFBC}") = "WpfControlLibrary", "WpfControlLibrary\WpfControlLibrary.csproj", "{16B60979-5F97-4275-9980-98495E75B161}"
EndProject
Global
	GlobalSection(SolutionConfigurationPlatforms) = preSolution
		Debug|Any CPU = Debug|Any CPU
		Release|Any CPU = Release|Any CPU
	EndGlobalSection
	GlobalSection(ProjectConfigurationPlatforms) = postSolution
		{3B60BBC0-E98D-4901-9C59-35DD1254FE16}.Debug|Any CPU.ActiveCfg = Debug|Any CPU
		{3B60BBC0-E98D-4901-9C59-35DD1254FE16}.Debug|Any CPU.Build.0 = Debug|Any CPU
		{3B60BBC0-E98D-4901-9C59-35DD1254FE16}.Release|Any CPU.ActiveCfg = Release|Any CPU
		{3B60BBC0-E98D-4901-9C59-35DD1254FE16}.Release|Any CPU.Build.0 = Release|Any CPU
		{16B60979-5F97-4275-9980-98495E75B161}.Debug|Any CPU.ActiveCfg = Debug|Any CPU
		{16B60979-5F97-4275-9980-98495E75B161}.Debug|Any CPU.Build.0 = Debug|Any CPU
		{16B60979-5F97-4275-9980-98495E75B161}.Release|Any CPU.ActiveCfg = Release|Any CPU
		{16B60979-5F97-4275-9980-98495E75B161}.Release|Any CPU.Build.0 = Release|Any CPU
	EndGlobalSection
	GlobalSection(SolutionProperties) = preSolution
		HideSolutionNode = FALSE
	EndGlobalSection
EndGlobal
