
Microsoft Visual Studio Solution File, Format Version 12.00
# Visual Studio 2012
Project("{FAE04EC0-301F-11D3-BF4B-00C04F79EFBC}") = "09-02-04", "09-02-04\09-02-04.csproj", "{69AF9CA4-10C1-41D2-A95B-FB76015D72DD}"
EndProject
Global
	GlobalSection(SolutionConfigurationPlatforms) = preSolution
		Debug|Any CPU = Debug|Any CPU
		Release|Any CPU = Release|Any CPU
	EndGlobalSection
	GlobalSection(ProjectConfigurationPlatforms) = postSolution
		{69AF9CA4-10C1-41D2-A95B-FB76015D72DD}.Debug|Any CPU.ActiveCfg = Debug|Any CPU
		{69AF9CA4-10C1-41D2-A95B-FB76015D72DD}.Debug|Any CPU.Build.0 = Debug|Any CPU
		{69AF9CA4-10C1-41D2-A95B-FB76015D72DD}.Release|Any CPU.ActiveCfg = Release|Any CPU
		{69AF9CA4-10C1-41D2-A95B-FB76015D72DD}.Release|Any CPU.Build.0 = Release|Any CPU
	EndGlobalSection
	GlobalSection(SolutionProperties) = preSolution
		HideSolutionNode = FALSE
	EndGlobalSection
EndGlobal
