
Microsoft Visual Studio Solution File, Format Version 12.00
# Visual Studio 2012
Project("{FAE04EC0-301F-11D3-BF4B-00C04F79EFBC}") = "09-11-01", "09-11-01\09-11-01.csproj", "{81F96866-C68C-4D18-97B4-1A8B14356224}"
EndProject
Global
	GlobalSection(SolutionConfigurationPlatforms) = preSolution
		Debug|Any CPU = Debug|Any CPU
		Release|Any CPU = Release|Any CPU
	EndGlobalSection
	GlobalSection(ProjectConfigurationPlatforms) = postSolution
		{81F96866-C68C-4D18-97B4-1A8B14356224}.Debug|Any CPU.ActiveCfg = Debug|Any CPU
		{81F96866-C68C-4D18-97B4-1A8B14356224}.Debug|Any CPU.Build.0 = Debug|Any CPU
		{81F96866-C68C-4D18-97B4-1A8B14356224}.Release|Any CPU.ActiveCfg = Release|Any CPU
		{81F96866-C68C-4D18-97B4-1A8B14356224}.Release|Any CPU.Build.0 = Release|Any CPU
	EndGlobalSection
	GlobalSection(SolutionProperties) = preSolution
		HideSolutionNode = FALSE
	EndGlobalSection
EndGlobal
