
Microsoft Visual Studio Solution File, Format Version 12.00
# Visual Studio 2012
Project("{FAE04EC0-301F-11D3-BF4B-00C04F79EFBC}") = "SampleAssemblyV1", "SampleAssemblyV1\SampleAssemblyV1.csproj", "{F30D1927-2FCA-46D2-B40C-CCD413334521}"
EndProject
Project("{FAE04EC0-301F-11D3-BF4B-00C04F79EFBC}") = "SampleAssemblyV2", "SampleAssemblyV2\SampleAssemblyV2.csproj", "{1745FCF4-34BC-4BC7-8269-CDB36403DAC9}"
EndProject
Global
	GlobalSection(SolutionConfigurationPlatforms) = preSolution
		Debug|Any CPU = Debug|Any CPU
		Release|Any CPU = Release|Any CPU
	EndGlobalSection
	GlobalSection(ProjectConfigurationPlatforms) = postSolution
		{F30D1927-2FCA-46D2-B40C-CCD413334521}.Debug|Any CPU.ActiveCfg = Debug|Any CPU
		{F30D1927-2FCA-46D2-B40C-CCD413334521}.Debug|Any CPU.Build.0 = Debug|Any CPU
		{F30D1927-2FCA-46D2-B40C-CCD413334521}.Release|Any CPU.ActiveCfg = Release|Any CPU
		{F30D1927-2FCA-46D2-B40C-CCD413334521}.Release|Any CPU.Build.0 = Release|Any CPU
		{1745FCF4-34BC-4BC7-8269-CDB36403DAC9}.Debug|Any CPU.ActiveCfg = Debug|Any CPU
		{1745FCF4-34BC-4BC7-8269-CDB36403DAC9}.Debug|Any CPU.Build.0 = Debug|Any CPU
		{1745FCF4-34BC-4BC7-8269-CDB36403DAC9}.Release|Any CPU.ActiveCfg = Release|Any CPU
		{1745FCF4-34BC-4BC7-8269-CDB36403DAC9}.Release|Any CPU.Build.0 = Release|Any CPU
	EndGlobalSection
	GlobalSection(SolutionProperties) = preSolution
		HideSolutionNode = FALSE
	EndGlobalSection
EndGlobal
