
Microsoft Visual Studio Solution File, Format Version 12.00
# Visual Studio 2012
Project("{F184B08F-C81C-45F6-A57F-5ABD9991F28F}") = "SDI", "SDI\SDI.vbproj", "{F1052B86-0CE0-4CD9-BC3F-EF993EA65E55}"
EndProject
Global
	GlobalSection(SolutionConfigurationPlatforms) = preSolution
		Debug|Any CPU = Debug|Any CPU
		Release|Any CPU = Release|Any CPU
	EndGlobalSection
	GlobalSection(ProjectConfigurationPlatforms) = postSolution
		{F1052B86-0CE0-4CD9-BC3F-EF993EA65E55}.Debug|Any CPU.ActiveCfg = Debug|Any CPU
		{F1052B86-0CE0-4CD9-BC3F-EF993EA65E55}.Debug|Any CPU.Build.0 = Debug|Any CPU
		{F1052B86-0CE0-4CD9-BC3F-EF993EA65E55}.Release|Any CPU.ActiveCfg = Release|Any CPU
		{F1052B86-0CE0-4CD9-BC3F-EF993EA65E55}.Release|Any CPU.Build.0 = Release|Any CPU
	EndGlobalSection
	GlobalSection(SolutionProperties) = preSolution
		HideSolutionNode = FALSE
	EndGlobalSection
EndGlobal
