
Microsoft Visual Studio Solution File, Format Version 12.00
# Visual Studio Express 2012 for Windows Desktop
Project("{FAE04EC0-301F-11D3-BF4B-00C04F79EFBC}") = "ConsoleGetMax", "ConsoleGetMax.csproj", "{42801770-A142-42BE-A447-6FD6B82FC3B0}"
EndProject
Global
	GlobalSection(SolutionConfigurationPlatforms) = preSolution
		Debug|Any CPU = Debug|Any CPU
		Release|Any CPU = Release|Any CPU
	EndGlobalSection
	GlobalSection(ProjectConfigurationPlatforms) = postSolution
		{42801770-A142-42BE-A447-6FD6B82FC3B0}.Debug|Any CPU.ActiveCfg = Debug|Any CPU
		{42801770-A142-42BE-A447-6FD6B82FC3B0}.Debug|Any CPU.Build.0 = Debug|Any CPU
		{42801770-A142-42BE-A447-6FD6B82FC3B0}.Release|Any CPU.ActiveCfg = Release|Any CPU
		{42801770-A142-42BE-A447-6FD6B82FC3B0}.Release|Any CPU.Build.0 = Release|Any CPU
	EndGlobalSection
	GlobalSection(SolutionProperties) = preSolution
		HideSolutionNode = FALSE
	EndGlobalSection
EndGlobal
