
Microsoft Visual Studio Solution File, Format Version 12.00
# Visual Studio 2012
Project("{FAE04EC0-301F-11D3-BF4B-00C04F79EFBC}") = "02-06-01", "02-06-01\02-06-01.csproj", "{F240C2CA-B204-44A5-8186-D3459A0AC90E}"
EndProject
Global
	GlobalSection(SolutionConfigurationPlatforms) = preSolution
		Debug|Any CPU = Debug|Any CPU
		Release|Any CPU = Release|Any CPU
	EndGlobalSection
	GlobalSection(ProjectConfigurationPlatforms) = postSolution
		{F240C2CA-B204-44A5-8186-D3459A0AC90E}.Debug|Any CPU.ActiveCfg = Debug|Any CPU
		{F240C2CA-B204-44A5-8186-D3459A0AC90E}.Debug|Any CPU.Build.0 = Debug|Any CPU
		{F240C2CA-B204-44A5-8186-D3459A0AC90E}.Release|Any CPU.ActiveCfg = Release|Any CPU
		{F240C2CA-B204-44A5-8186-D3459A0AC90E}.Release|Any CPU.Build.0 = Release|Any CPU
	EndGlobalSection
	GlobalSection(SolutionProperties) = preSolution
		HideSolutionNode = FALSE
	EndGlobalSection
EndGlobal
