
Microsoft Visual Studio Solution File, Format Version 12.00
# Visual Studio 2012
Project("{FAE04EC0-301F-11D3-BF4B-00C04F79EFBC}") = "09-05-01", "09-05-01\09-05-01.csproj", "{54F73741-1A92-4630-A1A6-21DB587F8385}"
EndProject
Global
	GlobalSection(SolutionConfigurationPlatforms) = preSolution
		Debug|Any CPU = Debug|Any CPU
		Release|Any CPU = Release|Any CPU
	EndGlobalSection
	GlobalSection(ProjectConfigurationPlatforms) = postSolution
		{54F73741-1A92-4630-A1A6-21DB587F8385}.Debug|Any CPU.ActiveCfg = Debug|Any CPU
		{54F73741-1A92-4630-A1A6-21DB587F8385}.Debug|Any CPU.Build.0 = Debug|Any CPU
		{54F73741-1A92-4630-A1A6-21DB587F8385}.Release|Any CPU.ActiveCfg = Release|Any CPU
		{54F73741-1A92-4630-A1A6-21DB587F8385}.Release|Any CPU.Build.0 = Release|Any CPU
	EndGlobalSection
	GlobalSection(SolutionProperties) = preSolution
		HideSolutionNode = FALSE
	EndGlobalSection
EndGlobal
