
Microsoft Visual Studio Solution File, Format Version 12.00
# Visual Studio 2012
Project("{2150E333-8FDC-42A3-9474-1A3956D46DE8}") = "Repositories", "Repositories", "{E6F92732-5E7C-4D24-BEDB-8D6E824A281A}"
EndProject
Project("{2150E333-8FDC-42A3-9474-1A3956D46DE8}") = "Services", "Services", "{5DFE59BF-B9F2-4ABC-947A-1FC59D901989}"
EndProject
Project("{2150E333-8FDC-42A3-9474-1A3956D46DE8}") = "Shared", "Shared", "{ABF7BA02-C8BE-43C5-8F25-692DB25892B5}"
EndProject
Project("{FAE04EC0-301F-11D3-BF4B-00C04F79EFBC}") = "PersonRepository.CSV", "PersonRepository.CSV\PersonRepository.CSV.csproj", "{22D242EB-8113-49E3-8CC9-03A41E3B185E}"
EndProject
Project("{FAE04EC0-301F-11D3-BF4B-00C04F79EFBC}") = "PersonRepository.Interface", "PersonRepository.Interface\PersonRepository.Interface.csproj", "{7740BF98-CCC7-4A90-8147-C982AEF8C47A}"
EndProject
Project("{FAE04EC0-301F-11D3-BF4B-00C04F79EFBC}") = "PersonRepository.Service", "PersonRepository.Service\PersonRepository.Service.csproj", "{8EBA64E3-198D-4456-B9BF-D7EF9BD2CBCE}"
EndProject
Project("{FAE04EC0-301F-11D3-BF4B-00C04F79EFBC}") = "PersonRepository.SQL", "PersonRepository.SQL\PersonRepository.SQL.csproj", "{003702D8-E922-4539-80D4-15AAB22FF29D}"
EndProject
Project("{FAE04EC0-301F-11D3-BF4B-00C04F79EFBC}") = "People.Service", "People.Service\People.Service.csproj", "{5FE8AD75-B070-4A7F-9587-C40EE51BDD44}"
EndProject
Project("{FAE04EC0-301F-11D3-BF4B-00C04F79EFBC}") = "PeopleViewer.SharedObjects", "PeopleViewer.SharedObjects\PeopleViewer.SharedObjects.csproj", "{B557CD54-35F3-4003-A6EE-CF1F3EDFA76E}"
EndProject
Project("{FAE04EC0-301F-11D3-BF4B-00C04F79EFBC}") = "GenericRepository.CSV", "GenericRepository.CSV\GenericRepository.CSV.csproj", "{3609BC4D-29FA-4603-92A4-068E6C083243}"
EndProject
Project("{FAE04EC0-301F-11D3-BF4B-00C04F79EFBC}") = "GenericRepository.Interface", "GenericRepository.Interface\GenericRepository.Interface.csproj", "{6BF2AC01-227D-402E-9BE9-53FD3FEFCB9E}"
EndProject
Project("{2150E333-8FDC-42A3-9474-1A3956D46DE8}") = "GenericRepositories", "GenericRepositories", "{C84D89B2-BA1F-424A-B63D-D929C4021A0B}"
EndProject
Project("{FAE04EC0-301F-11D3-BF4B-00C04F79EFBC}") = "GenericRepository.Service", "GenericRepository.Service\GenericRepository.Service.csproj", "{065D4430-F437-4262-BA80-AC3A0CF100F8}"
EndProject
Project("{FAE04EC0-301F-11D3-BF4B-00C04F79EFBC}") = "GenericRepository.SQL", "GenericRepository.SQL\GenericRepository.SQL.csproj", "{14E9AC48-3361-4AB6-89A6-B40AFBDD9D11}"
EndProject
Project("{2150E333-8FDC-42A3-9474-1A3956D46DE8}") = "TypeReflection", "TypeReflection", "{D29BFD51-EBA7-4917-9040-B7464844685D}"
EndProject
Project("{FAE04EC0-301F-11D3-BF4B-00C04F79EFBC}") = "RepositoryReflector", "RepositoryReflector\RepositoryReflector.csproj", "{A8F85C68-8B50-4615-A5C1-63B05554EC7D}"
EndProject
Global
	GlobalSection(SolutionConfigurationPlatforms) = preSolution
		Debug|Any CPU = Debug|Any CPU
		Release|Any CPU = Release|Any CPU
	EndGlobalSection
	GlobalSection(ProjectConfigurationPlatforms) = postSolution
		{22D242EB-8113-49E3-8CC9-03A41E3B185E}.Debug|Any CPU.ActiveCfg = Debug|Any CPU
		{22D242EB-8113-49E3-8CC9-03A41E3B185E}.Debug|Any CPU.Build.0 = Debug|Any CPU
		{22D242EB-8113-49E3-8CC9-03A41E3B185E}.Release|Any CPU.ActiveCfg = Release|Any CPU
		{22D242EB-8113-49E3-8CC9-03A41E3B185E}.Release|Any CPU.Build.0 = Release|Any CPU
		{7740BF98-CCC7-4A90-8147-C982AEF8C47A}.Debug|Any CPU.ActiveCfg = Debug|Any CPU
		{7740BF98-CCC7-4A90-8147-C982AEF8C47A}.Debug|Any CPU.Build.0 = Debug|Any CPU
		{7740BF98-CCC7-4A90-8147-C982AEF8C47A}.Release|Any CPU.ActiveCfg = Release|Any CPU
		{7740BF98-CCC7-4A90-8147-C982AEF8C47A}.Release|Any CPU.Build.0 = Release|Any CPU
		{8EBA64E3-198D-4456-B9BF-D7EF9BD2CBCE}.Debug|Any CPU.ActiveCfg = Debug|Any CPU
		{8EBA64E3-198D-4456-B9BF-D7EF9BD2CBCE}.Debug|Any CPU.Build.0 = Debug|Any CPU
		{8EBA64E3-198D-4456-B9BF-D7EF9BD2CBCE}.Release|Any CPU.ActiveCfg = Release|Any CPU
		{8EBA64E3-198D-4456-B9BF-D7EF9BD2CBCE}.Release|Any CPU.Build.0 = Release|Any CPU
		{003702D8-E922-4539-80D4-15AAB22FF29D}.Debug|Any CPU.ActiveCfg = Debug|Any CPU
		{003702D8-E922-4539-80D4-15AAB22FF29D}.Debug|Any CPU.Build.0 = Debug|Any CPU
		{003702D8-E922-4539-80D4-15AAB22FF29D}.Release|Any CPU.ActiveCfg = Release|Any CPU
		{003702D8-E922-4539-80D4-15AAB22FF29D}.Release|Any CPU.Build.0 = Release|Any CPU
		{5FE8AD75-B070-4A7F-9587-C40EE51BDD44}.Debug|Any CPU.ActiveCfg = Debug|Any CPU
		{5FE8AD75-B070-4A7F-9587-C40EE51BDD44}.Debug|Any CPU.Build.0 = Debug|Any CPU
		{5FE8AD75-B070-4A7F-9587-C40EE51BDD44}.Release|Any CPU.ActiveCfg = Release|Any CPU
		{5FE8AD75-B070-4A7F-9587-C40EE51BDD44}.Release|Any CPU.Build.0 = Release|Any CPU
		{B557CD54-35F3-4003-A6EE-CF1F3EDFA76E}.Debug|Any CPU.ActiveCfg = Debug|Any CPU
		{B557CD54-35F3-4003-A6EE-CF1F3EDFA76E}.Debug|Any CPU.Build.0 = Debug|Any CPU
		{B557CD54-35F3-4003-A6EE-CF1F3EDFA76E}.Release|Any CPU.ActiveCfg = Release|Any CPU
		{B557CD54-35F3-4003-A6EE-CF1F3EDFA76E}.Release|Any CPU.Build.0 = Release|Any CPU
		{3609BC4D-29FA-4603-92A4-068E6C083243}.Debug|Any CPU.ActiveCfg = Debug|Any CPU
		{3609BC4D-29FA-4603-92A4-068E6C083243}.Debug|Any CPU.Build.0 = Debug|Any CPU
		{3609BC4D-29FA-4603-92A4-068E6C083243}.Release|Any CPU.ActiveCfg = Release|Any CPU
		{3609BC4D-29FA-4603-92A4-068E6C083243}.Release|Any CPU.Build.0 = Release|Any CPU
		{6BF2AC01-227D-402E-9BE9-53FD3FEFCB9E}.Debug|Any CPU.ActiveCfg = Debug|Any CPU
		{6BF2AC01-227D-402E-9BE9-53FD3FEFCB9E}.Debug|Any CPU.Build.0 = Debug|Any CPU
		{6BF2AC01-227D-402E-9BE9-53FD3FEFCB9E}.Release|Any CPU.ActiveCfg = Release|Any CPU
		{6BF2AC01-227D-402E-9BE9-53FD3FEFCB9E}.Release|Any CPU.Build.0 = Release|Any CPU
		{065D4430-F437-4262-BA80-AC3A0CF100F8}.Debug|Any CPU.ActiveCfg = Debug|Any CPU
		{065D4430-F437-4262-BA80-AC3A0CF100F8}.Debug|Any CPU.Build.0 = Debug|Any CPU
		{065D4430-F437-4262-BA80-AC3A0CF100F8}.Release|Any CPU.ActiveCfg = Release|Any CPU
		{065D4430-F437-4262-BA80-AC3A0CF100F8}.Release|Any CPU.Build.0 = Release|Any CPU
		{14E9AC48-3361-4AB6-89A6-B40AFBDD9D11}.Debug|Any CPU.ActiveCfg = Debug|Any CPU
		{14E9AC48-3361-4AB6-89A6-B40AFBDD9D11}.Debug|Any CPU.Build.0 = Debug|Any CPU
		{14E9AC48-3361-4AB6-89A6-B40AFBDD9D11}.Release|Any CPU.ActiveCfg = Release|Any CPU
		{14E9AC48-3361-4AB6-89A6-B40AFBDD9D11}.Release|Any CPU.Build.0 = Release|Any CPU
		{A8F85C68-8B50-4615-A5C1-63B05554EC7D}.Debug|Any CPU.ActiveCfg = Debug|Any CPU
		{A8F85C68-8B50-4615-A5C1-63B05554EC7D}.Debug|Any CPU.Build.0 = Debug|Any CPU
		{A8F85C68-8B50-4615-A5C1-63B05554EC7D}.Release|Any CPU.ActiveCfg = Release|Any CPU
		{A8F85C68-8B50-4615-A5C1-63B05554EC7D}.Release|Any CPU.Build.0 = Release|Any CPU
	EndGlobalSection
	GlobalSection(SolutionProperties) = preSolution
		HideSolutionNode = FALSE
	EndGlobalSection
	GlobalSection(NestedProjects) = preSolution
		{22D242EB-8113-49E3-8CC9-03A41E3B185E} = {E6F92732-5E7C-4D24-BEDB-8D6E824A281A}
		{7740BF98-CCC7-4A90-8147-C982AEF8C47A} = {E6F92732-5E7C-4D24-BEDB-8D6E824A281A}
		{8EBA64E3-198D-4456-B9BF-D7EF9BD2CBCE} = {E6F92732-5E7C-4D24-BEDB-8D6E824A281A}
		{003702D8-E922-4539-80D4-15AAB22FF29D} = {E6F92732-5E7C-4D24-BEDB-8D6E824A281A}
		{5FE8AD75-B070-4A7F-9587-C40EE51BDD44} = {5DFE59BF-B9F2-4ABC-947A-1FC59D901989}
		{B557CD54-35F3-4003-A6EE-CF1F3EDFA76E} = {ABF7BA02-C8BE-43C5-8F25-692DB25892B5}
		{6BF2AC01-227D-402E-9BE9-53FD3FEFCB9E} = {C84D89B2-BA1F-424A-B63D-D929C4021A0B}
		{3609BC4D-29FA-4603-92A4-068E6C083243} = {C84D89B2-BA1F-424A-B63D-D929C4021A0B}
		{065D4430-F437-4262-BA80-AC3A0CF100F8} = {C84D89B2-BA1F-424A-B63D-D929C4021A0B}
		{14E9AC48-3361-4AB6-89A6-B40AFBDD9D11} = {C84D89B2-BA1F-424A-B63D-D929C4021A0B}
		{A8F85C68-8B50-4615-A5C1-63B05554EC7D} = {D29BFD51-EBA7-4917-9040-B7464844685D}
	EndGlobalSection
EndGlobal
