
Microsoft Visual Studio Solution File, Format Version 12.00
# Visual Studio 14
VisualStudioVersion = 14.0.23107.0
MinimumVisualStudioVersion = 10.0.40219.1
Project("{FAE04EC0-301F-11D3-BF4B-00C04F79EFBC}") = "Array Variance", "Array Variance.csproj", "{3051B038-D791-47B9-B1AB-74957E6BB90F}"
EndProject
Global
	GlobalSection(SolutionConfigurationPlatforms) = preSolution
		Debug|Any CPU = Debug|Any CPU
		Release|Any CPU = Release|Any CPU
	EndGlobalSection
	GlobalSection(ProjectConfigurationPlatforms) = postSolution
		{3051B038-D791-47B9-B1AB-74957E6BB90F}.Debug|Any CPU.ActiveCfg = Debug|Any CPU
		{3051B038-D791-47B9-B1AB-74957E6BB90F}.Debug|Any CPU.Build.0 = Debug|Any CPU
		{3051B038-D791-47B9-B1AB-74957E6BB90F}.Release|Any CPU.ActiveCfg = Release|Any CPU
		{3051B038-D791-47B9-B1AB-74957E6BB90F}.Release|Any CPU.Build.0 = Release|Any CPU
	EndGlobalSection
	GlobalSection(SolutionProperties) = preSolution
		HideSolutionNode = FALSE
	EndGlobalSection
EndGlobal
