
Microsoft Visual Studio Solution File, Format Version 12.00
# Visual Studio 2012
Project("{FAE04EC0-301F-11D3-BF4B-00C04F79EFBC}") = "10-07-02", "10-07-02\10-07-02.csproj", "{128B4B5A-A8AC-4D42-A258-B4F8CB38B46B}"
EndProject
Global
	GlobalSection(SolutionConfigurationPlatforms) = preSolution
		Debug|Any CPU = Debug|Any CPU
		Release|Any CPU = Release|Any CPU
	EndGlobalSection
	GlobalSection(ProjectConfigurationPlatforms) = postSolution
		{128B4B5A-A8AC-4D42-A258-B4F8CB38B46B}.Debug|Any CPU.ActiveCfg = Debug|Any CPU
		{128B4B5A-A8AC-4D42-A258-B4F8CB38B46B}.Debug|Any CPU.Build.0 = Debug|Any CPU
		{128B4B5A-A8AC-4D42-A258-B4F8CB38B46B}.Release|Any CPU.ActiveCfg = Release|Any CPU
		{128B4B5A-A8AC-4D42-A258-B4F8CB38B46B}.Release|Any CPU.Build.0 = Release|Any CPU
	EndGlobalSection
	GlobalSection(SolutionProperties) = preSolution
		HideSolutionNode = FALSE
	EndGlobalSection
EndGlobal
